# This file is autogenerated, do not edit; changes may be undone by the next 'dep ensure'.


[[projects]]
  digest = "1:fe77682f4d5e34304bf02690cc81d01232576ff29ea801ad5091d9ab826872f3"
  name = "cloud.google.com/go"
  packages = [
    "compute/metadata",
    "container/apiv1",
    "internal/version",
    "monitoring/apiv3",
    "trace/apiv2",
  ]
  pruneopts = "UT"
  revision = "a6b88cf34a491498e4c7d15c107a31058693e2cb"
  version = "v0.54.0"

[[projects]]
  digest = "1:892e39e5c083d0943f1e80ab8351690f183c6a5ab24e1d280adcad424c26255e"
  name = "contrib.go.opencensus.io/exporter/ocagent"
  packages = ["."]
  pruneopts = "UT"
  revision = "a8a6f458bbc1d5042322ad1f9b65eeb0b69be9ea"
  version = "v0.6.0"

[[projects]]
  digest = "1:a0f79124a2fba5112d3d1466b917daf508e548c6c2da106399df92a79e06628b"
  name = "contrib.go.opencensus.io/exporter/prometheus"
  packages = ["."]
  pruneopts = "UT"
  revision = "f4a2c1e53ec45636355d35fb9022b64e4bdd4a91"
  version = "v0.1.0"

[[projects]]
  digest = "1:ee0798f25b0eb001c3cd39540722e91a7752758f3d9b52c604b7e2f1e11aec4a"
  name = "contrib.go.opencensus.io/exporter/stackdriver"
  packages = [
    ".",
    "monitoredresource",
  ]
  pruneopts = "UT"
  revision = "59d068f8d8ff5b653916aa30cdc4e13c7f15d56e"

[[projects]]
  digest = "1:9f3b30d9f8e0d7040f729b82dcbc8f0dead820a133b3147ce355fc451f32d761"
  name = "github.com/BurntSushi/toml"
  packages = ["."]
  pruneopts = "UT"
  revision = "3012a1dbe2e4bd1391d42b32f0577cb7bbc7f005"
  version = "v0.3.1"

[[projects]]
  digest = "1:6062abf6317d3d6963496e01e22264a2e8a7e3b35e2917aa00ed3d182f569be6"
  name = "github.com/avast/retry-go"
  packages = ["."]
  pruneopts = "UT"
  revision = "f9a5f3752008752cd4f31f9c0c4dc60dec4583e5"
  version = "v2.4.3"

[[projects]]
  digest = "1:bd16d59fc0a83ce8a156754a24599b7a20b8b96ebe5c5fb07be1705c5df5cdde"
  name = "github.com/aws/aws-sdk-go"
  packages = [
    "aws",
    "aws/awserr",
    "aws/awsutil",
    "aws/client",
    "aws/client/metadata",
    "aws/corehandlers",
    "aws/credentials",
    "aws/credentials/ec2rolecreds",
    "aws/credentials/endpointcreds",
    "aws/credentials/processcreds",
    "aws/credentials/stscreds",
    "aws/csm",
    "aws/defaults",
    "aws/ec2metadata",
    "aws/endpoints",
    "aws/request",
    "aws/session",
    "aws/signer/v4",
    "internal/context",
    "internal/ini",
    "internal/sdkio",
    "internal/sdkmath",
    "internal/sdkrand",
    "internal/sdkuri",
    "internal/shareddefaults",
    "internal/strings",
    "internal/sync/singleflight",
    "private/protocol",
    "private/protocol/json/jsonutil",
    "private/protocol/query",
    "private/protocol/query/queryutil",
    "private/protocol/rest",
    "private/protocol/xml/xmlutil",
    "service/sts",
    "service/sts/stsiface",
  ]
  pruneopts = "UT"
  revision = "ecf76c57b69f7395de7777edf1f8c5928d850581"
  version = "v1.29.21"

[[projects]]
  digest = "1:d6afaeed1502aa28e80a4ed0981d570ad91b2579193404256ce672ed0a609e0d"
  name = "github.com/beorn7/perks"
  packages = ["quantile"]
  pruneopts = "UT"
  revision = "37c8de3658fcb183f997c4e13e8337516ab753e6"
  version = "v1.0.1"

[[projects]]
  digest = "1:8f5acd4d4462b5136af644d25101f0968a7a94ee90fcb2059cec5b7cc42e0b20"
  name = "github.com/census-instrumentation/opencensus-proto"
  packages = [
    "gen-go/agent/common/v1",
    "gen-go/agent/metrics/v1",
    "gen-go/agent/trace/v1",
    "gen-go/metrics/v1",
    "gen-go/resource/v1",
    "gen-go/trace/v1",
  ]
  pruneopts = "UT"
  revision = "d89fa54de508111353cb0b06403c00569be780d8"
  version = "v0.2.1"

[[projects]]
  digest = "1:ffe9824d294da03b391f44e1ae8281281b4afc1bdaa9588c9097785e3af10cec"
  name = "github.com/davecgh/go-spew"
  packages = ["spew"]
  pruneopts = "UT"
  revision = "8991bc29aa16c548c550c7ff78260e27b9ab7c73"
  version = "v1.1.1"

[[projects]]
  digest = "1:ac425d784b13d49b37a5bbed3ce022677f8f3073b216f05d6adcb9303e27fa0f"
  name = "github.com/evanphx/json-patch"
  packages = ["."]
  pruneopts = "UT"
  revision = "026c730a0dcc5d11f93f1cf1cc65b01247ea7b6f"
  version = "v4.5.0"

[[projects]]
  digest = "1:2cd7915ab26ede7d95b8749e6b1f933f1c6d5398030684e6505940a10f31cfda"
  name = "github.com/ghodss/yaml"
  packages = ["."]
  pruneopts = "UT"
  revision = "0ca9ea5df5451ffdf184b4428c902747c2c11cd7"
  version = "v1.0.0"

[[projects]]
  digest = "1:edd2fa4578eb086265db78a9201d15e76b298dfd0d5c379da83e9c61712cf6df"
  name = "github.com/go-logr/logr"
  packages = ["."]
  pruneopts = "UT"
  revision = "9fb12b3b21c5415d16ac18dc5cd42c1cfdd40c4e"
  version = "v0.1.0"

[[projects]]
  digest = "1:b46f50677ef33284ebde2b285a42b707ff9e1de1f37328d91869859c929ebbd2"
  name = "github.com/go-redis/redis"
  packages = [
    ".",
    "internal",
    "internal/consistenthash",
    "internal/hashtag",
    "internal/pool",
    "internal/proto",
    "internal/util",
  ]
  pruneopts = "UT"
  revision = "7f69d5e32072d151eb6936cbe2306413e8117488"
  version = "v6.15.6"

[[projects]]
  digest = "1:bed9d72d596f94e65fff37f4d6c01398074a6bb1c3f3ceff963516bd01db6ff5"
  name = "github.com/gofrs/uuid"
  packages = ["."]
  pruneopts = "UT"
  revision = "6b08a5c5172ba18946672b49749cde22873dd7c2"
  version = "v3.2.0"

[[projects]]
  digest = "1:582e25eccee928dc12416ea4c23b6dae8f3b5687730632aa1473ebebe80a2359"
  name = "github.com/gogo/protobuf"
  packages = [
    "proto",
    "sortkeys",
  ]
  pruneopts = "UT"
  revision = "5628607bb4c51c3157aacc3a50f0ab707582b805"
  version = "v1.3.1"

[[projects]]
  branch = "master"
  digest = "1:1ba1d79f2810270045c328ae5d674321db34e3aae468eb4233883b473c5c0467"
  name = "github.com/golang/glog"
  packages = ["."]
  pruneopts = "UT"
  revision = "23def4e6c14b4da8ac2ed8007337bc5eb5007998"

[[projects]]
  branch = "master"
  digest = "1:b7cb6054d3dff43b38ad2e92492f220f57ae6087ee797dca298139776749ace8"
  name = "github.com/golang/groupcache"
  packages = ["lru"]
  pruneopts = "UT"
  revision = "8c9f03a8e57eb486e42badaed3fb287da51807ba"

[[projects]]
  digest = "1:f0d49ad7405a8834b820d28fa4ba6e093da763bef3e01a0c81039a8399325204"
  name = "github.com/golang/protobuf"
  packages = [
    "descriptor",
    "jsonpb",
    "proto",
    "protoc-gen-go/descriptor",
    "ptypes",
    "ptypes/any",
    "ptypes/duration",
    "ptypes/empty",
    "ptypes/struct",
    "ptypes/timestamp",
    "ptypes/wrappers",
  ]
  pruneopts = "UT"
  revision = "6c65a5562fc06764971b7c5d05c76c75e84bdbf7"
  version = "v1.3.2"

[[projects]]
  digest = "1:010d46ea3c1e730897e53058d1013a963f3f987675dda87df64f891b945281db"
  name = "github.com/google/go-cmp"
  packages = [
    "cmp",
    "cmp/cmpopts",
    "cmp/internal/diff",
    "cmp/internal/flags",
    "cmp/internal/function",
    "cmp/internal/value",
  ]
  pruneopts = "UT"
  revision = "6f77996f0c42f7b84e5a2b252227263f93432e9b"
  version = "v0.3.0"

[[projects]]
  digest = "1:10aa62acd56f635de190110a836aa261b3774e697b2b6a7af27d8263cf856d47"
  name = "github.com/google/go-containerregistry"
  packages = ["pkg/name"]
  pruneopts = "UT"
  revision = "b02d448a3705facf11018efff34f1d2830be5724"

[[projects]]
  digest = "1:a6181aca1fd5e27103f9a920876f29ac72854df7345a39f3b01e61c8c94cc8af"
  name = "github.com/google/gofuzz"
  packages = ["."]
  pruneopts = "UT"
  revision = "f140a6486e521aad38f5917de355cbf147cc0496"
  version = "v1.0.0"

[[projects]]
  digest = "1:582b704bebaa06b48c29b0cec224a6058a09c86883aaddabde889cd1a5f73e1b"
  name = "github.com/google/uuid"
  packages = ["."]
  pruneopts = "UT"
  revision = "0cd6bf5da1e1c83f8b45653022c74f71af0538a4"
  version = "v1.1.1"

[[projects]]
  digest = "1:766102087520f9d54f2acc72bd6637045900ac735b4a419b128d216f0c5c4876"
  name = "github.com/googleapis/gax-go"
  packages = ["v2"]
  pruneopts = "UT"
  revision = "bd5b16380fd03dc758d11cef74ba2e3bc8b0e8c2"
  version = "v2.0.5"

[[projects]]
  digest = "1:ca4524b4855ded427c7003ec903a5c854f37e7b1e8e2a93277243462c5b753a8"
  name = "github.com/googleapis/gnostic"
  packages = [
    "OpenAPIv2",
    "compiler",
    "extensions",
  ]
  pruneopts = "UT"
  revision = "ab0dd09aa10e2952b28e12ecd35681b20463ebab"
  version = "v0.3.1"

[[projects]]
  digest = "1:2377108044b58624fcba0949555b941b922945da0dbb45ddebf3d3df805ff215"
  name = "github.com/grpc-ecosystem/grpc-gateway"
  packages = [
    "internal",
    "runtime",
    "utilities",
  ]
  pruneopts = "UT"
  revision = "5ec11588db26960526dccc39cf40367a54d76e16"
  version = "v1.14.3"

[[projects]]
  digest = "1:c77361e611524ec8f2ad37c408c3c916111a70b6acf806a1200855696bf8fa4d"
  name = "github.com/hashicorp/golang-lru"
  packages = [
    ".",
    "simplelru",
  ]
  pruneopts = "UT"
  revision = "7f827b33c0f158ec5dfbba01bb0b14a4541fd81d"
  version = "v0.5.3"

[[projects]]
  digest = "1:78d28d5b84a26159c67ea51996a230da4bc07cac648adaae1dfb5fc0ec8e40d3"
  name = "github.com/imdario/mergo"
  packages = ["."]
  pruneopts = "UT"
  revision = "1afb36080aec31e0d1528973ebe6721b191b0369"
  version = "v0.3.8"

[[projects]]
  digest = "1:bb81097a5b62634f3e9fec1014657855610c82d19b9a40c17612e32651e35dca"
  name = "github.com/jmespath/go-jmespath"
  packages = ["."]
  pruneopts = "UT"
  revision = "c2b33e84"

[[projects]]
  digest = "1:beb5b4f42a25056f0aa291b5eadd21e2f2903a05d15dfe7caf7eaee7e12fa972"
  name = "github.com/json-iterator/go"
  packages = ["."]
  pruneopts = "UT"
  revision = "03217c3e97663914aec3faafde50d081f197a0a2"
  version = "v1.1.8"

[[projects]]
  digest = "1:31e761d97c76151dde79e9d28964a812c46efc5baee4085b86f68f0c654450de"
  name = "github.com/konsorten/go-windows-terminal-sequences"
  packages = ["."]
  pruneopts = "UT"
  revision = "f55edac94c9bbba5d6182a4be46d86a2c9b5b50e"
  version = "v1.0.2"

[[projects]]
  digest = "1:fbaebcca308516382d20300b34dd080022c0321292ddf14631b53d8be9a8d9af"
  name = "github.com/kubeless/kubeless"
  packages = [
    "pkg/apis/kubeless",
    "pkg/apis/kubeless/v1beta1",
    "pkg/client/clientset/versioned",
    "pkg/client/clientset/versioned/scheme",
    "pkg/client/clientset/versioned/typed/kubeless/v1beta1",
  ]
  pruneopts = "UT"
  revision = "3460f03865f91ad15aa84b5de752efd2f01e1499"
  version = "v1.0.5"

[[projects]]
  digest = "1:9a250b328a9564739d21af7eae0e92b3a1277410b880db9efe29984c1835704a"
  name = "github.com/kubernetes-incubator/service-catalog"
  packages = [
    "pkg/apis/servicecatalog",
    "pkg/apis/servicecatalog/v1beta1",
    "pkg/apis/settings",
    "pkg/apis/settings/v1alpha1",
    "pkg/client/clientset_generated/clientset",
    "pkg/client/clientset_generated/clientset/scheme",
    "pkg/client/clientset_generated/clientset/typed/servicecatalog/v1beta1",
    "pkg/client/clientset_generated/clientset/typed/settings/v1alpha1",
    "pkg/filter",
  ]
  pruneopts = "UT"
  revision = "2f4d37413ff5ebf816788aa94fa2613682f3b543"
  version = "v0.1.43"

[[projects]]
  branch = "master"
  digest = "1:6595e619e4a174e76f286e9e2ca7405b402936c36133fe8573559765e088a7aa"
  name = "github.com/kyma-incubator/api-gateway"
  packages = ["api/v1alpha1"]
  pruneopts = "UT"
  revision = "295e8fcaa03f5f701d709292d16b463ede218993"

[[projects]]
  digest = "1:87d2780e123573e573fde150d877ba64e89291ef6919f0fb968dd91c0d5bf7e6"
  name = "github.com/kyma-project/helm-broker"
  packages = ["pkg/apis/addons/v1alpha1"]
  pruneopts = "UT"
  revision = "19249efa17962a9b4584110118fb6fc88434ac4e"
  version = "v1.0.0"

[[projects]]
  digest = "1:48579917fc66de2079b9cc237402730cf5957d1dec95a76228df96d38537c877"
  name = "github.com/kyma-project/kyma"
  packages = [
    "common/microfrontend-client/pkg/apis/ui",
    "common/microfrontend-client/pkg/apis/ui/v1alpha1",
    "common/microfrontend-client/pkg/client/clientset/versioned",
    "common/microfrontend-client/pkg/client/clientset/versioned/scheme",
    "common/microfrontend-client/pkg/client/clientset/versioned/typed/ui/v1alpha1",
    "components/api-controller/pkg/apis/gateway.kyma-project.io/meta/v1",
    "components/api-controller/pkg/apis/gateway.kyma-project.io/v1alpha2",
    "components/api-controller/pkg/clients/gateway.kyma-project.io/clientset/versioned",
    "components/api-controller/pkg/clients/gateway.kyma-project.io/clientset/versioned/scheme",
    "components/api-controller/pkg/clients/gateway.kyma-project.io/clientset/versioned/typed/gateway.kyma-project.io/v1alpha2",
    "components/application-broker/pkg/apis/applicationconnector/v1alpha1",
    "components/application-broker/pkg/client/clientset/versioned",
    "components/application-broker/pkg/client/clientset/versioned/scheme",
    "components/application-broker/pkg/client/clientset/versioned/typed/applicationconnector/v1alpha1",
    "components/application-operator/pkg/apis/applicationconnector/v1alpha1",
    "components/application-operator/pkg/client/clientset/versioned",
    "components/application-operator/pkg/client/clientset/versioned/scheme",
    "components/application-operator/pkg/client/clientset/versioned/typed/applicationconnector/v1alpha1",
    "components/event-bus/apis/applicationconnector",
    "components/event-bus/apis/applicationconnector/v1alpha1",
    "components/event-bus/apis/eventing",
    "components/event-bus/apis/eventing/v1alpha1",
    "components/event-bus/client/generated/clientset/internalclientset",
    "components/event-bus/client/generated/clientset/internalclientset/scheme",
    "components/event-bus/client/generated/clientset/internalclientset/typed/applicationconnector/v1alpha1",
    "components/event-bus/client/generated/clientset/internalclientset/typed/eventing/v1alpha1",
    "components/kyma-operator/pkg/overrides",
    "components/service-binding-usage-controller/pkg/apis/servicecatalog/v1alpha1",
    "components/service-binding-usage-controller/pkg/apis/settings/v1alpha1",
    "components/service-binding-usage-controller/pkg/client/clientset/versioned",
    "components/service-binding-usage-controller/pkg/client/clientset/versioned/scheme",
    "components/service-binding-usage-controller/pkg/client/clientset/versioned/typed/servicecatalog/v1alpha1",
    "components/service-binding-usage-controller/pkg/client/clientset/versioned/typed/settings/v1alpha1",
    "tests/end-to-end/backup-restore-test/utils/fetch-dex-token",
  ]
  pruneopts = "UT"
  revision = "119010d0810e5e1e23b78e1058f2b0fbea293ae9"
  version = "1.9.0"

[[projects]]
  digest = "1:76d6dcdd415f38b171f2a8f8e3f6727ac6f039fb5445024279c33b89bfa0c034"
  name = "github.com/kyma-project/rafter"
  packages = ["pkg/apis/rafter/v1beta1"]
  pruneopts = "UT"
  revision = "5521b7e2b0fead8d2c54b7624916edc159c89342"

[[projects]]
  branch = "master"
  digest = "1:fc2b04b0069d6b10bdef96d278fe20c345794009685ed3c8c7f1a6dc023eefec"
  name = "github.com/mattbaird/jsonpatch"
  packages = ["."]
  pruneopts = "UT"
  revision = "81af80346b1a01caae0cbc27fd3c1ba5b11e189f"

[[projects]]
  digest = "1:ff5ebae34cfbf047d505ee150de27e60570e8c394b3b8fdbb720ff6ac71985fc"
  name = "github.com/matttproud/golang_protobuf_extensions"
  packages = ["pbutil"]
  pruneopts = "UT"
  revision = "c12348ce28de40eed0136aa2b644d0ee0650e56c"
  version = "v1.0.1"

[[projects]]
  digest = "1:33422d238f147d247752996a26574ac48dcf472976eda7f5134015f06bf16563"
  name = "github.com/modern-go/concurrent"
  packages = ["."]
  pruneopts = "UT"
  revision = "bacd9c7ef1dd9b15be4a9909b8ac7a4e313eec94"
  version = "1.0.3"

[[projects]]
  digest = "1:e32bdbdb7c377a07a9a46378290059822efdce5c8d96fe71940d87cb4f918855"
  name = "github.com/modern-go/reflect2"
  packages = ["."]
  pruneopts = "UT"
  revision = "4b7aa43c6742a2c18fdef89dd197aaae7dac7ccd"
  version = "1.0.1"

[[projects]]
  digest = "1:b18202f570bbd8f1c8f89c066d129805cccbc0e8bf0365b88d32cdc659c4a19e"
  name = "github.com/ory/hydra-maester"
  packages = [
    "api/v1alpha1",
    "hydra",
  ]
  pruneopts = "UT"
  revision = "3f205b7a68d80219503e8b78d171580188fe1a02"
  version = "v0.0.7"

[[projects]]
  digest = "1:aa8a100fdb37dc40466384be710789b52f2300dfef749b85643f9d2578066087"
  name = "github.com/ory/oathkeeper-maester"
  packages = [
    "api/v1alpha1",
    "internal/validation",
  ]
  pruneopts = "UT"
  revision = "b25c29eb1690c298c5d219d6be9230c8689b0bbb"
  version = "v0.0.5"

[[projects]]
  digest = "1:cf31692c14422fa27c83a05292eb5cbe0fb2775972e8f1f8446a71549bd8980b"
  name = "github.com/pkg/errors"
  packages = ["."]
  pruneopts = "UT"
  revision = "ba968bfe8b2f7e042a574c888954fccecfa385b4"
  version = "v0.8.1"

[[projects]]
  digest = "1:4cca4ec648e0ef26a6470a364326b6885774ab4df11621456966849ea4fb7ca1"
  name = "github.com/prometheus/client_golang"
  packages = [
    "api",
    "api/prometheus/v1",
    "prometheus",
    "prometheus/internal",
    "prometheus/promhttp",
  ]
  pruneopts = "UT"
  revision = "170205fb58decfd011f1550d4cfb737230d7ae4f"
  version = "v1.1.0"

[[projects]]
  digest = "1:0db23933b8052702d980a3f029149b3f175f7c0eea0cff85b175017d0f2722c0"
  name = "github.com/prometheus/client_model"
  packages = ["go"]
  pruneopts = "UT"
  revision = "7bc5445566f0fe75b15de23e6b93886e982d7bf9"
  version = "v0.2.0"

[[projects]]
  digest = "1:f119e3205d3a1f0f19dbd7038eb37528e2c6f0933269dc344e305951fb87d632"
  name = "github.com/prometheus/common"
  packages = [
    "expfmt",
    "internal/bitbucket.org/ww/goautoneg",
    "model",
  ]
  pruneopts = "UT"
  revision = "287d3e634a1e550c9e463dd7e5a75a422c614505"
  version = "v0.7.0"

[[projects]]
  digest = "1:6421995dc4b0cae1fc87b615c1b7eb22e87a6746b5ac1f73221879bd2f1f4fc1"
  name = "github.com/prometheus/procfs"
  packages = [
    ".",
    "internal/fs",
    "internal/util",
  ]
  pruneopts = "UT"
  revision = "4850c197847aa06aecc37570077fc16e9215d565"
  version = "v0.0.10"

[[projects]]
  digest = "1:32db15a47b5be06a5d40e863ab0ebed107741845fd2d8676121f788284d26923"
  name = "github.com/robfig/cron"
  packages = ["."]
  pruneopts = "UT"
  revision = "ccba498c397bb90a9c84945bbb0f7af2d72b6309"
  version = "v3.0.1"

[[projects]]
  digest = "1:04457f9f6f3ffc5fea48e71d62f2ca256637dee0a04d710288e27e05c8b41976"
  name = "github.com/sirupsen/logrus"
  packages = ["."]
  pruneopts = "UT"
  revision = "839c75faf7f98a33d445d181f3018b5c3409a45e"
  version = "v1.4.2"

[[projects]]
  digest = "1:524b71991fc7d9246cc7dc2d9e0886ccb97648091c63e30eef619e6862c955dd"
  name = "github.com/spf13/pflag"
  packages = ["."]
  pruneopts = "UT"
  revision = "2e9d26c8c37aae03e3f9d4e90b7116f5accb7cab"
  version = "v1.0.5"

[[projects]]
  digest = "1:bb32a7e267540d9f2d26753426d5e360c5bd858b9b78e26b9f0c99219024d8f5"
  name = "github.com/vrischmann/envconfig"
  packages = ["."]
  pruneopts = "UT"
  revision = "cf601e2565a0a7c7418ed014d28a507be6cb1e45"
  version = "v1.2.0"

[[projects]]
  digest = "1:c62809522b0e3c3a8e1ad60a2b4a15686abe8a62bd119714fa83592653aacfc0"
  name = "go.opencensus.io"
  packages = [
    ".",
    "internal",
    "internal/tagencoding",
    "metric/metricdata",
    "metric/metricexport",
    "metric/metricproducer",
    "plugin/ocgrpc",
    "plugin/ochttp",
    "plugin/ochttp/propagation/b3",
    "resource",
    "resource/resourcekeys",
    "stats",
    "stats/internal",
    "stats/view",
    "tag",
    "trace",
    "trace/internal",
    "trace/propagation",
    "trace/tracestate",
  ]
  pruneopts = "UT"
  revision = "d835ff86be02193d324330acdb7d65546b05f814"
  version = "v0.22.3"

[[projects]]
  digest = "1:c708d00d1097e62bf4f3a72f239efa7dafc257581421b0b7d3789e1ff5299f30"
  name = "go.uber.org/atomic"
  packages = ["."]
  pruneopts = "UT"
  revision = "40ae6a40a970ef4cdbffa7b24b280e316db8accc"
  version = "v1.5.1"

[[projects]]
  digest = "1:e6d88834deb4e35eb998c74f4d042db6ccecaaf62c0f6d57905852800994af00"
  name = "go.uber.org/multierr"
  packages = ["."]
  pruneopts = "UT"
  revision = "824d08f79702fe5f54aca8400aa0d754318786e7"
  version = "v1.4.0"

[[projects]]
  branch = "master"
  digest = "1:3032e90a153750ea149f68bf081f97ca738f041fba45c41c80737f572ffdf2f4"
  name = "go.uber.org/tools"
  packages = ["update-license"]
  pruneopts = "UT"
  revision = "2cfd321de3ee5d5f8a5fda2521d1703478334d98"

[[projects]]
  digest = "1:260048b6193e304ee294452a9e3410c474e3ce187248c7e2e4a2631207386f74"
  name = "go.uber.org/zap"
  packages = [
    ".",
    "buffer",
    "internal/bufferpool",
    "internal/color",
    "internal/exit",
    "zapcore",
  ]
  pruneopts = "UT"
  revision = "33e58d4d0120aa28d4df84cd244838c490846c9d"
  version = "v1.13.0"

[[projects]]
  branch = "master"
  digest = "1:bbe51412d9915d64ffaa96b51d409e070665efc5194fcf145c4a27d4133107a4"
  name = "golang.org/x/crypto"
  packages = ["ssh/terminal"]
  pruneopts = "UT"
  revision = "e9b2fee46413994441b28dfca259d911d963dfed"

[[projects]]
  branch = "master"
  digest = "1:334b27eac455cb6567ea28cd424230b07b1a64334a2f861a8075ac26ce10af43"
  name = "golang.org/x/lint"
  packages = [
    ".",
    "golint",
  ]
  pruneopts = "UT"
  revision = "fdd1cda4f05fd1fd86124f0ef9ce31a0b72c8448"

[[projects]]
  branch = "master"
  digest = "1:44b28a120d7716a0abf7472b211d52a409f22591e903d19d86a3fbad6b3d341c"
  name = "golang.org/x/net"
  packages = [
    "context",
    "context/ctxhttp",
    "html",
    "html/atom",
    "http/httpguts",
    "http2",
    "http2/h2c",
    "http2/hpack",
    "idna",
    "internal/timeseries",
    "trace",
  ]
  pruneopts = "UT"
  revision = "c0dbc17a35534bf2e581d7a942408dc936316da4"

[[projects]]
  branch = "master"
  digest = "1:f56857ff514537cf2282939a4fd9fb3c975a1176e8d4c0790a0e865c1cd91086"
  name = "golang.org/x/oauth2"
  packages = [
    ".",
    "clientcredentials",
    "google",
    "internal",
    "jws",
    "jwt",
  ]
  pruneopts = "UT"
  revision = "858c2ad4c8b6c5d10852cb89079f6ca1c7309787"

[[projects]]
  branch = "master"
  digest = "1:382bb5a7fb4034db3b6a2d19e5a4a6bcf52f4750530603c01ca18a172fa3089b"
  name = "golang.org/x/sync"
  packages = ["semaphore"]
  pruneopts = "UT"
  revision = "cd5d95a43a6e21273425c7ae415d3df9ea832eeb"

[[projects]]
  branch = "master"
  digest = "1:472d3f5adc36e1c0b9120bc3830d692a090134aa5461335f39caabd0fdb7feac"
  name = "golang.org/x/sys"
  packages = [
    "unix",
    "windows",
  ]
  pruneopts = "UT"
  revision = "ac6580df4449443a05718fd7858c1f91ad5f8d20"

[[projects]]
  digest = "1:8d8faad6b12a3a4c819a3f9618cb6ee1fa1cfc33253abeeea8b55336721e3405"
  name = "golang.org/x/text"
  packages = [
    "collate",
    "collate/build",
    "internal/colltab",
    "internal/gen",
    "internal/language",
    "internal/language/compact",
    "internal/tag",
    "internal/triegen",
    "internal/ucd",
    "language",
    "secure/bidirule",
    "transform",
    "unicode/bidi",
    "unicode/cldr",
    "unicode/norm",
    "unicode/rangetable",
  ]
  pruneopts = "UT"
  revision = "342b2e1fbaa52c93f31447ad2c6abc048c63e475"
  version = "v0.3.2"

[[projects]]
  branch = "master"
  digest = "1:a2f668c709f9078828e99cb1768cb02e876cb81030545046a32b54b2ac2a9ea8"
  name = "golang.org/x/time"
  packages = ["rate"]
  pruneopts = "UT"
  revision = "555d28b269f0569763d25dbe1a237ae74c6bcc82"

[[projects]]
  branch = "master"
  digest = "1:a1029ffe031fe6bdd9938b7c2ba294f4f8f1595f2f7c1044096e3d41dee6dba9"
  name = "golang.org/x/tools"
  packages = [
    "cmd/goimports",
    "go/analysis",
    "go/analysis/passes/inspect",
    "go/ast/astutil",
    "go/ast/inspector",
    "go/buildutil",
    "go/gcexportdata",
    "go/internal/gcimporter",
    "go/internal/packagesdriver",
    "go/packages",
    "go/types/objectpath",
    "go/types/typeutil",
    "internal/fastwalk",
    "internal/gopathwalk",
    "internal/imports",
    "internal/module",
    "internal/semver",
  ]
  pruneopts = "UT"
  revision = "6f9e13bbec44ce9d95b8776df8ef7466fc76bcb0"

[[projects]]
  digest = "1:0ad0d6252a07813a9a12fee0ffca6df06fef08c5a03bbcaa0271dc59b88f97e5"
  name = "google.golang.org/api"
  packages = [
    "googleapi/transport",
    "internal",
    "iterator",
    "option",
    "support/bundler",
    "transport",
    "transport/cert",
    "transport/grpc",
    "transport/http",
    "transport/http/internal/propagation",
  ]
  pruneopts = "UT"
  revision = "c24765c18bb761c90df819dcdfdd62f9a7f6fa22"
  version = "v0.20.0"

[[projects]]
  digest = "1:c98e9b93e6d178378530b920fe6e1aa4b3dd4972872111e83827746aa1f33ded"
  name = "google.golang.org/appengine"
  packages = [
    ".",
    "internal",
    "internal/app_identity",
    "internal/base",
    "internal/datastore",
    "internal/log",
    "internal/modules",
    "internal/remote_api",
    "internal/socket",
    "internal/urlfetch",
    "socket",
    "urlfetch",
  ]
  pruneopts = "UT"
  revision = "971852bfffca25b069c31162ae8f247a3dba083b"
  version = "v1.6.5"

[[projects]]
  branch = "master"
  digest = "1:fb5bb9a4dbd17ba292c9451927f56cb769f22908bf6322a147dae73a818b3c6a"
  name = "google.golang.org/genproto"
  packages = [
    "googleapis/api",
    "googleapis/api/annotations",
    "googleapis/api/distribution",
    "googleapis/api/httpbody",
    "googleapis/api/label",
    "googleapis/api/metric",
    "googleapis/api/monitoredres",
    "googleapis/container/v1",
    "googleapis/devtools/cloudtrace/v2",
    "googleapis/monitoring/v3",
    "googleapis/rpc/status",
    "googleapis/type/calendarperiod",
    "protobuf/field_mask",
  ]
  pruneopts = "UT"
  revision = "43be25429f5aa0b9a3f18fa4e32583729ca30b78"

[[projects]]
  digest = "1:c5cb55dc71404526bd9002c7b0f63c8910f51b19751248e15dcba2c46210662a"
  name = "google.golang.org/grpc"
  packages = [
    ".",
    "attributes",
    "backoff",
    "balancer",
    "balancer/base",
    "balancer/grpclb",
    "balancer/grpclb/grpc_lb_v1",
    "balancer/roundrobin",
    "binarylog/grpc_binarylog_v1",
    "codes",
    "connectivity",
    "credentials",
    "credentials/alts",
    "credentials/alts/internal",
    "credentials/alts/internal/authinfo",
    "credentials/alts/internal/conn",
    "credentials/alts/internal/handshaker",
    "credentials/alts/internal/handshaker/service",
    "credentials/alts/internal/proto/grpc_gcp",
    "credentials/google",
    "credentials/internal",
    "credentials/oauth",
    "encoding",
    "encoding/proto",
    "grpclog",
    "internal",
    "internal/backoff",
    "internal/balancerload",
    "internal/binarylog",
    "internal/buffer",
    "internal/channelz",
    "internal/envconfig",
    "internal/grpclog",
    "internal/grpcrand",
    "internal/grpcsync",
    "internal/grpcutil",
    "internal/resolver/dns",
    "internal/resolver/passthrough",
    "internal/syscall",
    "internal/transport",
    "keepalive",
    "metadata",
    "naming",
    "peer",
    "resolver",
    "serviceconfig",
    "stats",
    "status",
    "tap",
  ]
  pruneopts = "UT"
  revision = "142182889d38b76209f1d9f1d8e91d7608aff542"
  version = "v1.28.0"

[[projects]]
  digest = "1:2d1fbdc6777e5408cabeb02bf336305e724b925ff4546ded0fa8715a7267922a"
  name = "gopkg.in/inf.v0"
  packages = ["."]
  pruneopts = "UT"
  revision = "d2d2541c53f18d2a059457998ce2876cc8e67cbf"
  version = "v0.9.1"

[[projects]]
  digest = "1:b75b3deb2bce8bc079e16bb2aecfe01eb80098f5650f9e93e5643ca8b7b73737"
  name = "gopkg.in/yaml.v2"
  packages = ["."]
  pruneopts = "UT"
  revision = "1f64d6156d11335c3f22d9330b0ad14fc1e789ce"
  version = "v2.2.7"

[[projects]]
  digest = "1:131158a88aad1f94854d0aa21a64af2802d0a470fb0f01cb33c04fafd2047111"
  name = "honnef.co/go/tools"
  packages = [
    "arg",
    "cmd/staticcheck",
    "config",
    "deprecated",
    "facts",
    "functions",
    "go/types/typeutil",
    "internal/cache",
    "internal/passes/buildssa",
    "internal/renameio",
    "internal/sharedcheck",
    "lint",
    "lint/lintdsl",
    "lint/lintutil",
    "lint/lintutil/format",
    "loader",
    "printf",
    "simple",
    "ssa",
    "ssautil",
    "staticcheck",
    "staticcheck/vrp",
    "stylecheck",
    "unused",
    "version",
  ]
  pruneopts = "UT"
  revision = "afd67930eec2a9ed3e9b19f684d17a062285f16a"
  version = "2019.2.3"

[[projects]]
  digest = "1:d89afbf3588e87d2c9e6efdd5528d249b32d23a12fbd7ec324f3cb373c6fb76c"
  name = "k8s.io/api"
  packages = [
    "admissionregistration/v1beta1",
    "apps/v1",
    "apps/v1beta1",
    "apps/v1beta2",
    "auditregistration/v1alpha1",
    "authentication/v1",
    "authentication/v1beta1",
    "authorization/v1",
    "authorization/v1beta1",
    "autoscaling/v1",
    "autoscaling/v2beta1",
    "autoscaling/v2beta2",
    "batch/v1",
    "batch/v1beta1",
    "batch/v2alpha1",
    "certificates/v1beta1",
    "coordination/v1",
    "coordination/v1beta1",
    "core/v1",
    "events/v1beta1",
    "extensions/v1beta1",
    "networking/v1",
    "networking/v1beta1",
    "node/v1alpha1",
    "node/v1beta1",
    "policy/v1beta1",
    "rbac/v1",
    "rbac/v1alpha1",
    "rbac/v1beta1",
    "scheduling/v1",
    "scheduling/v1alpha1",
    "scheduling/v1beta1",
    "settings/v1alpha1",
    "storage/v1",
    "storage/v1alpha1",
    "storage/v1beta1",
  ]
  pruneopts = "UT"
  revision = "3544db3b9e4494309507e02eced5cd9dcff47e6a"
  version = "kubernetes-1.15.3"

[[projects]]
  digest = "1:848174da3c026f09e27bc81279df1c0660a2274098624ee70c9c2c32459fec61"
  name = "k8s.io/apimachinery"
  packages = [
    "pkg/api/equality",
    "pkg/api/errors",
    "pkg/api/meta",
    "pkg/api/resource",
    "pkg/api/validation",
    "pkg/apis/meta/internalversion",
    "pkg/apis/meta/v1",
    "pkg/apis/meta/v1/unstructured",
    "pkg/apis/meta/v1/validation",
    "pkg/apis/meta/v1beta1",
    "pkg/conversion",
    "pkg/conversion/queryparams",
    "pkg/fields",
    "pkg/labels",
    "pkg/runtime",
    "pkg/runtime/schema",
    "pkg/runtime/serializer",
    "pkg/runtime/serializer/json",
    "pkg/runtime/serializer/protobuf",
    "pkg/runtime/serializer/recognizer",
    "pkg/runtime/serializer/streaming",
    "pkg/runtime/serializer/versioning",
    "pkg/selection",
    "pkg/types",
    "pkg/util/cache",
    "pkg/util/clock",
    "pkg/util/diff",
    "pkg/util/errors",
    "pkg/util/framer",
    "pkg/util/intstr",
    "pkg/util/json",
    "pkg/util/mergepatch",
    "pkg/util/naming",
    "pkg/util/net",
    "pkg/util/runtime",
    "pkg/util/sets",
    "pkg/util/strategicpatch",
    "pkg/util/validation",
    "pkg/util/validation/field",
    "pkg/util/wait",
    "pkg/util/yaml",
    "pkg/version",
    "pkg/watch",
    "third_party/forked/golang/json",
    "third_party/forked/golang/reflect",
  ]
  pruneopts = "UT"
  revision = "f2f3a405f61d6c2cdc0d00687c1b5d90de91e9f0"
  version = "kubernetes-1.15.3"

[[projects]]
  branch = "release-1.12"
  digest = "1:9d15b3b19ff07702451e28152bde999bbf216a3fc22cf0760ac8a78bf8e568a6"
  name = "k8s.io/cli-runtime"
  packages = ["pkg/genericclioptions/printers"]
  pruneopts = "UT"
  revision = "1d4f3e836fd24e95c1457ce8d096f5ab5107054a"

[[projects]]
  digest = "1:d8d3801b555decd0041471264a979c30e95d02540f16fd1694784e3bee4a9ed5"
  name = "k8s.io/client-go"
  packages = [
    "discovery",
    "dynamic",
    "informers",
    "informers/admissionregistration",
    "informers/admissionregistration/v1beta1",
    "informers/apps",
    "informers/apps/v1",
    "informers/apps/v1beta1",
    "informers/apps/v1beta2",
    "informers/auditregistration",
    "informers/auditregistration/v1alpha1",
    "informers/autoscaling",
    "informers/autoscaling/v1",
    "informers/autoscaling/v2beta1",
    "informers/autoscaling/v2beta2",
    "informers/batch",
    "informers/batch/v1",
    "informers/batch/v1beta1",
    "informers/batch/v2alpha1",
    "informers/certificates",
    "informers/certificates/v1beta1",
    "informers/coordination",
    "informers/coordination/v1",
    "informers/coordination/v1beta1",
    "informers/core",
    "informers/core/v1",
    "informers/events",
    "informers/events/v1beta1",
    "informers/extensions",
    "informers/extensions/v1beta1",
    "informers/internalinterfaces",
    "informers/networking",
    "informers/networking/v1",
    "informers/networking/v1beta1",
    "informers/node",
    "informers/node/v1alpha1",
    "informers/node/v1beta1",
    "informers/policy",
    "informers/policy/v1beta1",
    "informers/rbac",
    "informers/rbac/v1",
    "informers/rbac/v1alpha1",
    "informers/rbac/v1beta1",
    "informers/scheduling",
    "informers/scheduling/v1",
    "informers/scheduling/v1alpha1",
    "informers/scheduling/v1beta1",
    "informers/settings",
    "informers/settings/v1alpha1",
    "informers/storage",
    "informers/storage/v1",
    "informers/storage/v1alpha1",
    "informers/storage/v1beta1",
    "kubernetes",
    "kubernetes/scheme",
    "kubernetes/typed/admissionregistration/v1beta1",
    "kubernetes/typed/apps/v1",
    "kubernetes/typed/apps/v1beta1",
    "kubernetes/typed/apps/v1beta2",
    "kubernetes/typed/auditregistration/v1alpha1",
    "kubernetes/typed/authentication/v1",
    "kubernetes/typed/authentication/v1beta1",
    "kubernetes/typed/authorization/v1",
    "kubernetes/typed/authorization/v1beta1",
    "kubernetes/typed/autoscaling/v1",
    "kubernetes/typed/autoscaling/v2beta1",
    "kubernetes/typed/autoscaling/v2beta2",
    "kubernetes/typed/batch/v1",
    "kubernetes/typed/batch/v1beta1",
    "kubernetes/typed/batch/v2alpha1",
    "kubernetes/typed/certificates/v1beta1",
    "kubernetes/typed/coordination/v1",
    "kubernetes/typed/coordination/v1beta1",
    "kubernetes/typed/core/v1",
    "kubernetes/typed/events/v1beta1",
    "kubernetes/typed/extensions/v1beta1",
    "kubernetes/typed/networking/v1",
    "kubernetes/typed/networking/v1beta1",
    "kubernetes/typed/node/v1alpha1",
    "kubernetes/typed/node/v1beta1",
    "kubernetes/typed/policy/v1beta1",
    "kubernetes/typed/rbac/v1",
    "kubernetes/typed/rbac/v1alpha1",
    "kubernetes/typed/rbac/v1beta1",
    "kubernetes/typed/scheduling/v1",
    "kubernetes/typed/scheduling/v1alpha1",
    "kubernetes/typed/scheduling/v1beta1",
    "kubernetes/typed/settings/v1alpha1",
    "kubernetes/typed/storage/v1",
    "kubernetes/typed/storage/v1alpha1",
    "kubernetes/typed/storage/v1beta1",
    "listers/admissionregistration/v1beta1",
    "listers/apps/v1",
    "listers/apps/v1beta1",
    "listers/apps/v1beta2",
    "listers/auditregistration/v1alpha1",
    "listers/autoscaling/v1",
    "listers/autoscaling/v2beta1",
    "listers/autoscaling/v2beta2",
    "listers/batch/v1",
    "listers/batch/v1beta1",
    "listers/batch/v2alpha1",
    "listers/certificates/v1beta1",
    "listers/coordination/v1",
    "listers/coordination/v1beta1",
    "listers/core/v1",
    "listers/events/v1beta1",
    "listers/extensions/v1beta1",
    "listers/networking/v1",
    "listers/networking/v1beta1",
    "listers/node/v1alpha1",
    "listers/node/v1beta1",
    "listers/policy/v1beta1",
    "listers/rbac/v1",
    "listers/rbac/v1alpha1",
    "listers/rbac/v1beta1",
    "listers/scheduling/v1",
    "listers/scheduling/v1alpha1",
    "listers/scheduling/v1beta1",
    "listers/settings/v1alpha1",
    "listers/storage/v1",
    "listers/storage/v1alpha1",
    "listers/storage/v1beta1",
    "pkg/apis/clientauthentication",
    "pkg/apis/clientauthentication/v1alpha1",
    "pkg/apis/clientauthentication/v1beta1",
    "pkg/version",
    "plugin/pkg/client/auth/exec",
    "rest",
    "rest/watch",
    "restmapper",
    "third_party/forked/golang/template",
    "tools/auth",
    "tools/cache",
    "tools/clientcmd",
    "tools/clientcmd/api",
    "tools/clientcmd/api/latest",
    "tools/clientcmd/api/v1",
    "tools/metrics",
    "tools/pager",
    "tools/record",
    "tools/record/util",
    "tools/reference",
    "transport",
    "util/cert",
    "util/connrotation",
    "util/flowcontrol",
    "util/homedir",
    "util/jsonpath",
    "util/keyutil",
    "util/retry",
    "util/workqueue",
  ]
  pruneopts = "UT"
  revision = "e14f31a72a77f7aa82a95eaf542d1194fb027d04"
  version = "kubernetes-1.15.3"

[[projects]]
  digest = "1:93e82f25d75aba18436ad1ac042cb49493f096011f2541075721ed6f9e05c044"
  name = "k8s.io/klog"
  packages = ["."]
  pruneopts = "UT"
  revision = "2ca9ad30301bf30a8a6e0fa2110db6b8df699a91"
  version = "v1.0.0"

[[projects]]
  branch = "master"
  digest = "1:22abb5d4204ab1a0dcc9cda64906a31c43965ff5159e8b9f766c9d2a162dbed5"
  name = "k8s.io/kube-openapi"
  packages = ["pkg/util/proto"]
  pruneopts = "UT"
  revision = "addea2498afe5a6d58f8bdcd9ae51363d12f12ef"

[[projects]]
  branch = "master"
  digest = "1:bb09c1841fd8100fe09b784fa13563ebffd9921d18012e72c8727ce9d4ea0144"
  name = "k8s.io/utils"
  packages = [
    "buffer",
    "integer",
    "pointer",
    "trace",
  ]
  pruneopts = "UT"
  revision = "dcd0c905194ba97424c4c168fb94fa1c61016559"

[[projects]]
  digest = "1:a87c600e9cd23892fbfadfaabb8683dd13d2572031b1a2719c62433498111b51"
  name = "knative.dev/eventing"
  packages = [
    "pkg/apis/duck",
    "pkg/apis/duck/v1alpha1",
    "pkg/apis/eventing",
    "pkg/apis/eventing/v1alpha1",
    "pkg/apis/flows",
    "pkg/apis/flows/v1alpha1",
    "pkg/apis/legacysources",
    "pkg/apis/legacysources/v1alpha1",
    "pkg/apis/messaging",
    "pkg/apis/messaging/v1alpha1",
    "pkg/apis/sources",
    "pkg/apis/sources/v1alpha1",
    "pkg/client/clientset/versioned/scheme",
    "pkg/client/clientset/versioned/typed/eventing/v1alpha1",
    "pkg/client/clientset/versioned/typed/messaging/v1alpha1",
    "pkg/logging",
  ]
  pruneopts = "UT"
  revision = "8a92a8c91447a6ff71e4be97a42c548790d52a22"
  version = "v0.12.0"

[[projects]]
  branch = "master"
  digest = "1:4780b87cdd61ee79d7075cebd4572409154d5aaca982534c2bf9a43f68203858"
  name = "knative.dev/pkg"
  packages = [
    "apis",
    "apis/duck",
    "apis/duck/v1",
    "apis/duck/v1alpha1",
    "apis/duck/v1beta1",
    "changeset",
    "configmap",
    "controller",
    "kmeta",
    "kmp",
    "logging",
    "logging/logkey",
    "metrics",
    "metrics/metricskey",
    "network",
    "profiling",
    "ptr",
    "tracker",
  ]
  pruneopts = "UT"
  revision = "5e3431e56176359316416c5952dcb7797299248f"

[[projects]]
  digest = "1:457cb733d811cb3840996e2c69a9cf9c6526aa3e2580fb7052108c920dd29905"
  name = "knative.dev/serving"
  packages = [
    "pkg/apis/autoscaling",
    "pkg/apis/autoscaling/v1alpha1",
    "pkg/apis/config",
    "pkg/apis/networking",
    "pkg/apis/networking/v1alpha1",
    "pkg/apis/serving",
    "pkg/apis/serving/v1",
    "pkg/apis/serving/v1alpha1",
    "pkg/apis/serving/v1beta1",
    "pkg/client/clientset/versioned",
    "pkg/client/clientset/versioned/scheme",
    "pkg/client/clientset/versioned/typed/autoscaling/v1alpha1",
    "pkg/client/clientset/versioned/typed/networking/v1alpha1",
    "pkg/client/clientset/versioned/typed/serving/v1",
    "pkg/client/clientset/versioned/typed/serving/v1alpha1",
    "pkg/client/clientset/versioned/typed/serving/v1beta1",
    "pkg/gc",
    "pkg/network",
    "pkg/reconciler/route/config",
  ]
  pruneopts = "UT"
  revision = "e4922e8a9ec460e78ab02ef598e042650131d6fe"
  version = "v0.12.1"

[[projects]]
  digest = "1:cc7269683911d6f7c8e269828ad7bfe945a04149276cb5576d81e1ee1eabd842"
  name = "sigs.k8s.io/controller-runtime"
  packages = [
    "pkg/client",
    "pkg/client/apiutil",
    "pkg/client/config",
    "pkg/internal/log",
    "pkg/log",
    "pkg/runtime/scheme",
    "pkg/scheme",
  ]
  pruneopts = "UT"
  revision = "fc5542c693e3340f8abbe91c6345bd64c494a60c"
  version = "v0.2.2"

[[projects]]
  digest = "1:7719608fe0b52a4ece56c2dde37bedd95b938677d1ab0f84b8a7852e4c59f849"
  name = "sigs.k8s.io/yaml"
  packages = ["."]
  pruneopts = "UT"
  revision = "fd68e9863619f6ec2fdd8625fe1f02e7c877e480"
  version = "v1.1.0"

[solve-meta]
  analyzer-name = "dep"
  analyzer-version = 1
  input-imports = [
    "github.com/avast/retry-go",
    "github.com/go-redis/redis",
    "github.com/gofrs/uuid",
    "github.com/google/go-cmp/cmp",
    "github.com/google/uuid",
    "github.com/kubeless/kubeless/pkg/apis/kubeless/v1beta1",
    "github.com/kubeless/kubeless/pkg/client/clientset/versioned",
    "github.com/kubernetes-incubator/service-catalog/pkg/apis/servicecatalog/v1beta1",
    "github.com/kubernetes-incubator/service-catalog/pkg/client/clientset_generated/clientset",
    "github.com/kyma-incubator/api-gateway/api/v1alpha1",
    "github.com/kyma-project/helm-broker/pkg/apis/addons/v1alpha1",
    "github.com/kyma-project/kyma/common/microfrontend-client/pkg/apis/ui/v1alpha1",
    "github.com/kyma-project/kyma/common/microfrontend-client/pkg/client/clientset/versioned",
    "github.com/kyma-project/kyma/components/api-controller/pkg/apis/gateway.kyma-project.io/v1alpha2",
    "github.com/kyma-project/kyma/components/api-controller/pkg/clients/gateway.kyma-project.io/clientset/versioned",
    "github.com/kyma-project/kyma/components/application-broker/pkg/apis/applicationconnector/v1alpha1",
    "github.com/kyma-project/kyma/components/application-broker/pkg/client/clientset/versioned",
    "github.com/kyma-project/kyma/components/application-operator/pkg/apis/applicationconnector/v1alpha1",
    "github.com/kyma-project/kyma/components/application-operator/pkg/client/clientset/versioned",
    "github.com/kyma-project/kyma/components/event-bus/apis/eventing/v1alpha1",
    "github.com/kyma-project/kyma/components/event-bus/client/generated/clientset/internalclientset",
    "github.com/kyma-project/kyma/components/kyma-operator/pkg/overrides",
    "github.com/kyma-project/kyma/components/service-binding-usage-controller/pkg/apis/servicecatalog/v1alpha1",
    "github.com/kyma-project/kyma/components/service-binding-usage-controller/pkg/client/clientset/versioned",
    "github.com/kyma-project/kyma/tests/end-to-end/backup-restore-test/utils/fetch-dex-token",
    "github.com/kyma-project/rafter/pkg/apis/rafter/v1beta1",
    "github.com/ory/hydra-maester/api/v1alpha1",
    "github.com/ory/oathkeeper-maester/api/v1alpha1",
    "github.com/pkg/errors",
    "github.com/prometheus/client_golang/api",
    "github.com/prometheus/client_golang/api/prometheus/v1",
    "github.com/prometheus/common/model",
    "github.com/sirupsen/logrus",
    "github.com/vrischmann/envconfig",
    "golang.org/x/lint/golint",
    "golang.org/x/oauth2/clientcredentials",
    "golang.org/x/tools/cmd/goimports",
    "k8s.io/api/apps/v1",
    "k8s.io/api/core/v1",
    "k8s.io/apimachinery/pkg/api/errors",
    "k8s.io/apimachinery/pkg/api/resource",
    "k8s.io/apimachinery/pkg/apis/meta/v1",
    "k8s.io/apimachinery/pkg/apis/meta/v1/unstructured",
    "k8s.io/apimachinery/pkg/labels",
    "k8s.io/apimachinery/pkg/runtime",
    "k8s.io/apimachinery/pkg/runtime/schema",
    "k8s.io/apimachinery/pkg/util/intstr",
    "k8s.io/apimachinery/pkg/util/wait",
    "k8s.io/cli-runtime/pkg/genericclioptions/printers",
    "k8s.io/client-go/dynamic",
    "k8s.io/client-go/kubernetes",
    "k8s.io/client-go/kubernetes/scheme",
    "k8s.io/client-go/kubernetes/typed/apps/v1",
    "k8s.io/client-go/rest",
    "k8s.io/client-go/tools/clientcmd",
    "knative.dev/eventing/pkg/apis/eventing/v1alpha1",
    "knative.dev/eventing/pkg/apis/messaging/v1alpha1",
    "knative.dev/eventing/pkg/client/clientset/versioned/typed/eventing/v1alpha1",
    "knative.dev/eventing/pkg/client/clientset/versioned/typed/messaging/v1alpha1",
    "knative.dev/pkg/apis",
    "knative.dev/pkg/apis/duck/v1",
    "knative.dev/serving/pkg/client/clientset/versioned",
    "sigs.k8s.io/controller-runtime/pkg/client",
    "sigs.k8s.io/controller-runtime/pkg/client/config",
  ]
  solver-name = "gps-cdcl"
  solver-version = 1
