# This file is autogenerated, do not edit; changes may be undone by the next 'dep ensure'.


[[projects]]
  name = "github.com/99designs/gqlgen"
  packages = [
    "cmd",
    "codegen",
    "codegen/templates",
    "complexity",
    "graphql",
    "graphql/introspection",
    "handler",
    "internal/gopath",
    "internal/imports"
  ]
  revision = "da1e07f5876c0fb79cbad19006f7135be08590d6"
  version = "v0.7.2"

[[projects]]
  name = "github.com/DataDog/zstd"
  packages = ["."]
  revision = "2347a397da4ee9c6b8226d4aff82c302d0e52773"
  version = "v1.4.1"

[[projects]]
  name = "github.com/PuerkitoBio/purell"
  packages = ["."]
  revision = "44968752391892e1b0d0b821ee79e9a85fa13049"
  version = "v1.1.1"

[[projects]]
  branch = "master"
  name = "github.com/PuerkitoBio/urlesc"
  packages = ["."]
  revision = "de5bf2ad457846296e2031421a34e2568e304e35"

[[projects]]
  name = "github.com/Shopify/sarama"
  packages = ["."]
  revision = "46c83074a05474240f9620fb7c70fb0d80ca401a"
  version = "v1.23.1"

[[projects]]
  name = "github.com/agnivade/levenshtein"
  packages = ["."]
  revision = "51b298ff305e72cfd29166dccc3f9878e82f9fdc"
  version = "v1.0.2"

[[projects]]
  name = "github.com/apache/thrift"
  packages = ["lib/go/thrift"]
  revision = "384647d290e2e4a55a14b1b7ef1b7e66293a2c33"
  version = "v0.12.0"

[[projects]]
  name = "github.com/avast/retry-go"
  packages = ["."]
  revision = "101acd3290b786bf437607d874596e3996484d8d"
  version = "v2.4.1"

[[projects]]
  name = "github.com/coreos/go-oidc"
  packages = ["."]
  revision = "2be1c5b8a260760503f66dc0996e102b683b3ac3"
  version = "v2.1.0"

[[projects]]
  name = "github.com/davecgh/go-spew"
  packages = ["spew"]
  revision = "8991bc29aa16c548c550c7ff78260e27b9ab7c73"
  version = "v1.1.1"

[[projects]]
  name = "github.com/docker/docker"
  packages = ["pkg/random"]
  revision = "092cba3727bb9b4a2f0e922cd6c0f93ea270e363"
  version = "v1.13.1"

[[projects]]
  name = "github.com/eapache/go-resiliency"
  packages = ["breaker"]
  revision = "5efd2ed019fd331ec2defc6f3bd98882f1e3e636"
  version = "v1.2.0"

[[projects]]
  branch = "master"
  name = "github.com/eapache/go-xerial-snappy"
  packages = ["."]
  revision = "776d5712da21bc4762676d614db1d8a64f4238b0"

[[projects]]
  name = "github.com/eapache/queue"
  packages = ["."]
  revision = "44cc805cf13205b55f69e14bcb69867d1ae92f98"
  version = "v1.1.0"

[[projects]]
  name = "github.com/emicklei/go-restful"
  packages = [
    ".",
    "log"
  ]
  revision = "6ac3b8eb89d325e5c750d77f344a6870464d03c3"
  version = "v2.9.6"

[[projects]]
  name = "github.com/evanphx/json-patch"
  packages = ["."]
  revision = "026c730a0dcc5d11f93f1cf1cc65b01247ea7b6f"
  version = "v4.5.0"

[[projects]]
  name = "github.com/ghodss/yaml"
  packages = ["."]
  revision = "0ca9ea5df5451ffdf184b4428c902747c2c11cd7"
  version = "v1.0.0"

[[projects]]
  name = "github.com/go-logfmt/logfmt"
  packages = ["."]
  revision = "07c9b44f60d7ffdfb7d8efe1ad539965737836dc"
  version = "v0.4.0"

[[projects]]
  name = "github.com/go-logr/logr"
  packages = ["."]
  revision = "9fb12b3b21c5415d16ac18dc5cd42c1cfdd40c4e"
  version = "v0.1.0"

[[projects]]
  name = "github.com/go-logr/zapr"
  packages = ["."]
  revision = "03f06a783fbb7dfaf3f629c7825480e43a7105e6"
  version = "v0.1.1"

[[projects]]
  name = "github.com/go-openapi/jsonpointer"
  packages = ["."]
  revision = "a105a905c5e6ad147f08504784917f3e178e0ba5"
  version = "v0.19.2"

[[projects]]
  name = "github.com/go-openapi/jsonreference"
  packages = ["."]
  revision = "2903bfd4bfbaf188694f1edf731f2725a8fa344f"
  version = "v0.19.2"

[[projects]]
  name = "github.com/go-openapi/spec"
  packages = ["."]
  revision = "bdfd7e07daecc404d77868a88b2364d0aed0ee5a"
  version = "v0.19.2"

[[projects]]
  name = "github.com/go-openapi/swag"
  packages = ["."]
  revision = "c3d0f7896d589f3babb99eea24bbc7de98108e72"
  version = "v0.19.5"

[[projects]]
  name = "github.com/gogo/protobuf"
  packages = [
    "proto",
    "sortkeys"
  ]
  revision = "ba06b47c162d49f2af050fb4c75bcbc86a159d5c"
  version = "v1.2.1"

[[projects]]
  name = "github.com/golang/glog"
  packages = ["."]
  revision = "44145f04b68cf362d9c4df2182967c2275eaefed"

[[projects]]
  name = "github.com/golang/protobuf"
  packages = [
    "proto",
    "ptypes",
    "ptypes/any",
    "ptypes/duration",
    "ptypes/timestamp"
  ]
  revision = "6c65a5562fc06764971b7c5d05c76c75e84bdbf7"
  version = "v1.3.2"

[[projects]]
  name = "github.com/golang/snappy"
  packages = ["."]
  revision = "2a8bb927dd31d8daada140a5d09578521ce5c36a"
  version = "v0.0.1"

[[projects]]
  name = "github.com/google/btree"
  packages = ["."]
  revision = "4030bb1f1f0c35b30ca7009e9ebd06849dd45306"
  version = "v1.0.0"

[[projects]]
  name = "github.com/google/gofuzz"
  packages = ["."]
  revision = "f140a6486e521aad38f5917de355cbf147cc0496"
  version = "v1.0.0"

[[projects]]
  name = "github.com/googleapis/gnostic"
  packages = [
    "OpenAPIv2",
    "compiler",
    "extensions"
  ]
  revision = "ab0dd09aa10e2952b28e12ecd35681b20463ebab"
  version = "v0.3.1"

[[projects]]
  name = "github.com/gorilla/mux"
  packages = ["."]
  revision = "00bdffe0f3c77e27d2cf6f5c70232a2d3e4d9c15"
  version = "v1.7.3"

[[projects]]
  name = "github.com/gorilla/websocket"
  packages = ["."]
  revision = "c3e18be99d19e6b3e8f1559eea2c161a665c4b6b"
  version = "v1.4.1"

[[projects]]
  branch = "master"
  name = "github.com/gregjones/httpcache"
  packages = [
    ".",
    "diskcache"
  ]
  revision = "901d90724c7919163f472a9812253fb26761123d"

[[projects]]
  name = "github.com/hashicorp/go-uuid"
  packages = ["."]
  revision = "4f571afc59f3043a65f8fe6bf46d887b10a01d43"
  version = "v1.0.1"

[[projects]]
  name = "github.com/hashicorp/golang-lru"
  packages = [
    ".",
    "simplelru"
  ]
  revision = "7f827b33c0f158ec5dfbba01bb0b14a4541fd81d"
  version = "v0.5.3"

[[projects]]
  name = "github.com/hpcloud/tail"
  packages = [
    ".",
    "ratelimiter",
    "util",
    "watch",
    "winfile"
  ]
  revision = "a30252cb686a21eb2d0b98132633053ec2f7f1e5"
  version = "v1.0.0"

[[projects]]
  name = "github.com/imdario/mergo"
  packages = ["."]
  revision = "7c29201646fa3de8506f701213473dd407f19646"
  version = "v0.3.7"

[[projects]]
  name = "github.com/jcmturner/gofork"
  packages = [
    "encoding/asn1",
    "x/crypto/pbkdf2"
  ]
  revision = "dc7c13fece037a4a36e2b3c69db4991498d30692"
  version = "v1.0.0"

[[projects]]
  name = "github.com/json-iterator/go"
  packages = ["."]
  revision = "27518f6661eba504be5a7a9a9f6d9460d892ade3"
  version = "v1.1.7"

[[projects]]
  name = "github.com/kisielk/errcheck"
  packages = [
    ".",
    "internal/errcheck"
  ]
  revision = "e14f8d59a22d460d56c5ee92507cd94c78fbf274"

[[projects]]
  branch = "master"
  name = "github.com/kr/logfmt"
  packages = ["."]
  revision = "b84e30acd515aadc4b783ad4ff83aff3299bdfe0"

[[projects]]
  name = "github.com/kubeless/kubeless"
  packages = [
    "pkg/apis/kubeless",
    "pkg/apis/kubeless/v1beta1",
    "pkg/client/clientset/versioned",
    "pkg/client/clientset/versioned/fake",
    "pkg/client/clientset/versioned/scheme",
    "pkg/client/clientset/versioned/typed/kubeless/v1beta1",
    "pkg/client/clientset/versioned/typed/kubeless/v1beta1/fake",
    "pkg/client/informers/externalversions",
    "pkg/client/informers/externalversions/internalinterfaces",
    "pkg/client/informers/externalversions/kubeless",
    "pkg/client/informers/externalversions/kubeless/v1beta1",
    "pkg/client/listers/kubeless/v1beta1"
  ]
  revision = "4f4f531f6a1b685bf3842b26cfff5ca7eee533cc"
  version = "v0.4.0"

[[projects]]
  name = "github.com/kubernetes-incubator/service-catalog"
  packages = [
    "pkg/apis/servicecatalog",
    "pkg/apis/servicecatalog/v1beta1",
    "pkg/apis/settings",
    "pkg/apis/settings/v1alpha1",
    "pkg/client/clientset_generated/clientset",
    "pkg/client/clientset_generated/clientset/fake",
    "pkg/client/clientset_generated/clientset/scheme",
    "pkg/client/clientset_generated/clientset/typed/servicecatalog/v1beta1",
    "pkg/client/clientset_generated/clientset/typed/servicecatalog/v1beta1/fake",
    "pkg/client/clientset_generated/clientset/typed/settings/v1alpha1",
    "pkg/client/clientset_generated/clientset/typed/settings/v1alpha1/fake",
    "pkg/client/informers_generated/externalversions",
    "pkg/client/informers_generated/externalversions/internalinterfaces",
    "pkg/client/informers_generated/externalversions/servicecatalog",
    "pkg/client/informers_generated/externalversions/servicecatalog/v1beta1",
    "pkg/client/informers_generated/externalversions/settings",
    "pkg/client/informers_generated/externalversions/settings/v1alpha1",
    "pkg/client/listers_generated/servicecatalog/v1beta1",
    "pkg/client/listers_generated/settings/v1alpha1",
    "pkg/filter"
  ]
  revision = "2f4d37413ff5ebf816788aa94fa2613682f3b543"
  version = "v0.1.43"

[[projects]]
  name = "github.com/kyma-project/kyma"
  packages = [
    "common/microfrontend-client/pkg/apis/ui",
    "common/microfrontend-client/pkg/apis/ui/v1alpha1",
    "common/microfrontend-client/pkg/client/clientset/versioned",
    "common/microfrontend-client/pkg/client/clientset/versioned/fake",
    "common/microfrontend-client/pkg/client/clientset/versioned/scheme",
    "common/microfrontend-client/pkg/client/clientset/versioned/typed/ui/v1alpha1",
    "common/microfrontend-client/pkg/client/clientset/versioned/typed/ui/v1alpha1/fake",
    "common/microfrontend-client/pkg/client/informers/externalversions",
    "common/microfrontend-client/pkg/client/informers/externalversions/internalinterfaces",
    "common/microfrontend-client/pkg/client/informers/externalversions/ui",
    "common/microfrontend-client/pkg/client/informers/externalversions/ui/v1alpha1",
    "common/microfrontend-client/pkg/client/listers/ui/v1alpha1",
    "components/api-controller/pkg/apis/gateway.kyma-project.io/meta/v1",
    "components/api-controller/pkg/apis/gateway.kyma-project.io/v1alpha2",
    "components/api-controller/pkg/clients/gateway.kyma-project.io/clientset/versioned",
    "components/api-controller/pkg/clients/gateway.kyma-project.io/clientset/versioned/fake",
    "components/api-controller/pkg/clients/gateway.kyma-project.io/clientset/versioned/scheme",
    "components/api-controller/pkg/clients/gateway.kyma-project.io/clientset/versioned/typed/gateway.kyma-project.io/v1alpha2",
    "components/api-controller/pkg/clients/gateway.kyma-project.io/clientset/versioned/typed/gateway.kyma-project.io/v1alpha2/fake",
    "components/api-controller/pkg/clients/gateway.kyma-project.io/informers/externalversions",
    "components/api-controller/pkg/clients/gateway.kyma-project.io/informers/externalversions/gateway.kyma-project.io",
    "components/api-controller/pkg/clients/gateway.kyma-project.io/informers/externalversions/gateway.kyma-project.io/v1alpha2",
    "components/api-controller/pkg/clients/gateway.kyma-project.io/informers/externalversions/internalinterfaces",
    "components/api-controller/pkg/clients/gateway.kyma-project.io/listers/gateway.kyma-project.io/v1alpha2",
    "components/application-broker/pkg/apis/applicationconnector/v1alpha1",
    "components/application-broker/pkg/client/clientset/versioned",
    "components/application-broker/pkg/client/clientset/versioned/fake",
    "components/application-broker/pkg/client/clientset/versioned/scheme",
    "components/application-broker/pkg/client/clientset/versioned/typed/applicationconnector/v1alpha1",
    "components/application-broker/pkg/client/clientset/versioned/typed/applicationconnector/v1alpha1/fake",
    "components/application-broker/pkg/client/informers/externalversions",
    "components/application-broker/pkg/client/informers/externalversions/applicationconnector",
    "components/application-broker/pkg/client/informers/externalversions/applicationconnector/v1alpha1",
    "components/application-broker/pkg/client/informers/externalversions/internalinterfaces",
    "components/application-broker/pkg/client/listers/applicationconnector/v1alpha1",
    "components/application-operator/pkg/apis/applicationconnector/v1alpha1",
    "components/application-operator/pkg/client/clientset/versioned",
    "components/application-operator/pkg/client/clientset/versioned/fake",
    "components/application-operator/pkg/client/clientset/versioned/scheme",
    "components/application-operator/pkg/client/clientset/versioned/typed/applicationconnector/v1alpha1",
    "components/application-operator/pkg/client/clientset/versioned/typed/applicationconnector/v1alpha1/fake",
    "components/application-operator/pkg/client/informers/externalversions",
    "components/application-operator/pkg/client/informers/externalversions/applicationconnector",
    "components/application-operator/pkg/client/informers/externalversions/applicationconnector/v1alpha1",
    "components/application-operator/pkg/client/informers/externalversions/internalinterfaces",
    "components/application-operator/pkg/client/listers/applicationconnector/v1alpha1",
    "components/asset-store-controller-manager/pkg/apis/assetstore/v1alpha2",
    "components/cms-controller-manager/pkg/apis/cms/v1alpha1",
    "components/helm-broker/pkg/apis/addons/v1alpha1",
    "components/helm-broker/pkg/client/clientset/versioned",
    "components/helm-broker/pkg/client/clientset/versioned/fake",
    "components/helm-broker/pkg/client/clientset/versioned/scheme",
    "components/helm-broker/pkg/client/clientset/versioned/typed/addons/v1alpha1",
    "components/helm-broker/pkg/client/clientset/versioned/typed/addons/v1alpha1/fake",
    "components/helm-broker/pkg/client/informers/externalversions",
    "components/helm-broker/pkg/client/informers/externalversions/addons",
    "components/helm-broker/pkg/client/informers/externalversions/addons/v1alpha1",
    "components/helm-broker/pkg/client/informers/externalversions/internalinterfaces",
    "components/helm-broker/pkg/client/listers/addons/v1alpha1",
    "components/idppreset/pkg/apis/authentication/v1alpha1",
    "components/idppreset/pkg/client/clientset/versioned",
    "components/idppreset/pkg/client/clientset/versioned/fake",
    "components/idppreset/pkg/client/clientset/versioned/scheme",
    "components/idppreset/pkg/client/clientset/versioned/typed/authentication/v1alpha1",
    "components/idppreset/pkg/client/clientset/versioned/typed/authentication/v1alpha1/fake",
    "components/idppreset/pkg/client/informers/externalversions",
    "components/idppreset/pkg/client/informers/externalversions/authentication",
    "components/idppreset/pkg/client/informers/externalversions/authentication/v1alpha1",
    "components/idppreset/pkg/client/informers/externalversions/internalinterfaces",
    "components/idppreset/pkg/client/listers/authentication/v1alpha1",
    "components/service-binding-usage-controller/pkg/apis/servicecatalog/v1alpha1",
    "components/service-binding-usage-controller/pkg/apis/settings/v1alpha1",
    "components/service-binding-usage-controller/pkg/client/clientset/versioned",
    "components/service-binding-usage-controller/pkg/client/clientset/versioned/fake",
    "components/service-binding-usage-controller/pkg/client/clientset/versioned/scheme",
    "components/service-binding-usage-controller/pkg/client/clientset/versioned/typed/servicecatalog/v1alpha1",
    "components/service-binding-usage-controller/pkg/client/clientset/versioned/typed/servicecatalog/v1alpha1/fake",
    "components/service-binding-usage-controller/pkg/client/clientset/versioned/typed/settings/v1alpha1",
    "components/service-binding-usage-controller/pkg/client/clientset/versioned/typed/settings/v1alpha1/fake",
    "components/service-binding-usage-controller/pkg/client/informers/externalversions",
    "components/service-binding-usage-controller/pkg/client/informers/externalversions/internalinterfaces",
    "components/service-binding-usage-controller/pkg/client/informers/externalversions/servicecatalog",
    "components/service-binding-usage-controller/pkg/client/informers/externalversions/servicecatalog/v1alpha1",
    "components/service-binding-usage-controller/pkg/client/informers/externalversions/settings",
    "components/service-binding-usage-controller/pkg/client/informers/externalversions/settings/v1alpha1",
    "components/service-binding-usage-controller/pkg/client/listers/servicecatalog/v1alpha1",
    "components/service-binding-usage-controller/pkg/client/listers/settings/v1alpha1",
    "tools/failery"
  ]
  revision = "7c2360a1ea71ba311c462f98cd9450b617c822ef"

[[projects]]
  name = "github.com/machinebox/graphql"
  packages = ["."]
  revision = "05b17f3157491bbfa5d6fc2006443a272d960d15"
  version = "v0.2.2"

[[projects]]
  branch = "master"
  name = "github.com/mailru/easyjson"
  packages = [
    "buffer",
    "jlexer",
    "jwriter"
  ]
  revision = "b2ccc519800e761ac8000b95e5d57c80a897ff9e"

[[projects]]
  name = "github.com/mitchellh/mapstructure"
  packages = ["."]
  revision = "3536a929edddb9a5b34bd6861dc4a9647cb459fe"
  version = "v1.1.2"

[[projects]]
  name = "github.com/moby/moby"
  packages = ["pkg/namesgenerator"]
  revision = "092cba3727bb9b4a2f0e922cd6c0f93ea270e363"
  version = "v1.13.1"

[[projects]]
  name = "github.com/modern-go/concurrent"
  packages = ["."]
  revision = "bacd9c7ef1dd9b15be4a9909b8ac7a4e313eec94"
  version = "1.0.3"

[[projects]]
  name = "github.com/modern-go/reflect2"
  packages = ["."]
  revision = "4b7aa43c6742a2c18fdef89dd197aaae7dac7ccd"
  version = "1.0.1"

[[projects]]
  name = "github.com/onsi/ginkgo"
  packages = [
    ".",
    "config",
    "internal/codelocation",
    "internal/containernode",
    "internal/failer",
    "internal/leafnodes",
    "internal/remote",
    "internal/spec",
    "internal/spec_iterator",
    "internal/specrunner",
    "internal/suite",
    "internal/testingtproxy",
    "internal/writer",
    "reporters",
    "reporters/stenographer",
    "reporters/stenographer/support/go-colorable",
    "reporters/stenographer/support/go-isatty",
    "types"
  ]
  revision = "7e8b50db0c6d0a15ac0eb015d4ca64e7e7e2c88c"
  version = "v1.9.0"

[[projects]]
  name = "github.com/onsi/gomega"
  packages = [
    ".",
    "format",
    "gbytes",
    "gexec",
    "internal/assertion",
    "internal/asyncassertion",
    "internal/oraclematcher",
    "internal/testingtsupport",
    "matchers",
    "matchers/support/goraph/bipartitegraph",
    "matchers/support/goraph/edge",
    "matchers/support/goraph/node",
    "matchers/support/goraph/util",
    "types"
  ]
  revision = "27d50ea6455b212cf516609fa58b2b5dce1abc81"
  version = "v1.6.0"

[[projects]]
  branch = "master"
  name = "github.com/opentracing-contrib/go-observer"
  packages = ["."]
  revision = "a52f2342449246d5bcc273e65cbdcfa5f7d6c63c"

[[projects]]
  name = "github.com/opentracing/opentracing-go"
  packages = [
    ".",
    "ext",
    "log"
  ]
  revision = "659c90643e714681897ec2521c60567dd21da733"
  version = "v1.1.0"

[[projects]]
  name = "github.com/openzipkin-contrib/zipkin-go-opentracing"
  packages = [
    "flag",
    "thrift/gen-go/scribe",
    "thrift/gen-go/zipkincore",
    "types",
    "wire"
  ]
  revision = "f0f479ad013a498e4cbfb369414e5d3880903779"
  version = "v0.3.5"

[[projects]]
  name = "github.com/openzipkin/zipkin-go-opentracing"
  packages = ["."]
  revision = "f0f479ad013a498e4cbfb369414e5d3880903779"
  version = "v0.3.5"

[[projects]]
  branch = "master"
  name = "github.com/petar/GoLLRB"
  packages = ["llrb"]
  revision = "33fb24c13b99c46c93183c291836c573ac382536"

[[projects]]
  name = "github.com/peterbourgon/diskv"
  packages = ["."]
  revision = "0be1b92a6df0e4f5cb0a5d15fb7f643d0ad93ce6"
  version = "v3.0.0"

[[projects]]
  name = "github.com/pierrec/lz4"
  packages = [
    ".",
    "internal/xxh32"
  ]
  revision = "8ef35db8296124c4969aab929c16c91c3cb2c8a0"
  version = "v2.2.6"

[[projects]]
  name = "github.com/pkg/errors"
  packages = ["."]
  revision = "ba968bfe8b2f7e042a574c888954fccecfa385b4"
  version = "v0.8.1"

[[projects]]
  name = "github.com/pmezard/go-difflib"
  packages = ["difflib"]
  revision = "792786c7400a136282c1664665ae0a8db921c6c2"
  version = "v1.0.0"

[[projects]]
  branch = "master"
  name = "github.com/pquerna/cachecontrol"
  packages = [
    ".",
    "cacheobject"
  ]
  revision = "1555304b9b35fdd2b425bccf1a5613677705e7d0"

[[projects]]
  branch = "master"
  name = "github.com/rcrowley/go-metrics"
  packages = ["."]
  revision = "cac0b30c2563378d434b5af411844adff8e32960"

[[projects]]
  name = "github.com/rs/cors"
  packages = ["."]
  revision = "db0fe48135e83b5812a5a31be0eea66984b1b521"
  version = "v1.7.0"

[[projects]]
  name = "github.com/spf13/pflag"
  packages = ["."]
  revision = "298182f68c66c05229eb03ac171abe6e309ee79a"
  version = "v1.0.3"

[[projects]]
  name = "github.com/stretchr/objx"
  packages = ["."]
  revision = "477a77ecc69700c7cdeb1fa9e129548e1c1c393c"
  version = "v0.1.1"

[[projects]]
  name = "github.com/stretchr/testify"
  packages = [
    "assert",
    "mock",
    "require"
  ]
  revision = "221dbe5ed46703ee255b1da0dec05086f5035f62"
  version = "v1.4.0"

[[projects]]
  name = "github.com/urfave/cli"
  packages = ["."]
  revision = "e6cf83ec39f6e1158ced1927d4ed14578fda8edb"
  version = "v1.21.0"

[[projects]]
  name = "github.com/vektah/gqlparser"
  packages = [
    ".",
    "ast",
    "gqlerror",
    "lexer",
    "parser",
    "validator",
    "validator/rules"
  ]
  revision = "05741cdb0871330d8bc980d4afd21ab34eceee83"
  version = "v1.1.2"

[[projects]]
  name = "github.com/vrischmann/envconfig"
  packages = ["."]
  revision = "d647766a494a7182c05fa4ddd1702c2c307a770d"

[[projects]]
  name = "go.uber.org/atomic"
  packages = ["."]
  revision = "df976f2515e274675050de7b3f42545de80594fd"
  version = "v1.4.0"

[[projects]]
  name = "go.uber.org/multierr"
  packages = ["."]
  revision = "3c4937480c32f4c13a875a1829af76c98ca3d40a"
  version = "v1.1.0"

[[projects]]
  name = "go.uber.org/zap"
  packages = [
    ".",
    "buffer",
    "internal/bufferpool",
    "internal/color",
    "internal/exit",
    "zapcore"
  ]
  revision = "27376062155ad36be76b0f12cf1572a221d3a48c"
  version = "v1.10.0"

[[projects]]
  branch = "master"
  name = "golang.org/x/crypto"
  packages = [
    "ed25519",
    "ed25519/internal/edwards25519",
    "md4",
    "pbkdf2",
    "ssh/terminal"
  ]
  revision = "60c769a6c58655dab1b9adac0d58967dd517cfba"

[[projects]]
  branch = "release-branch.go1.10"
  name = "golang.org/x/net"
  packages = [
    "context",
    "context/ctxhttp",
    "html",
    "html/atom",
    "html/charset",
    "http2",
    "http2/hpack",
    "idna",
    "lex/httplex",
    "proxy"
  ]
  revision = "0ed95abb35c445290478a5348a7b38bb154135fd"

[[projects]]
  branch = "master"
  name = "golang.org/x/oauth2"
  packages = [
    ".",
    "internal"
  ]
  revision = "0f29369cfe4552d0e4bcddc57cc75f4d7e672a33"

[[projects]]
  branch = "master"
  name = "golang.org/x/sys"
  packages = [
    "unix",
    "windows"
  ]
  revision = "fb81701db80f1745f51259b1f286de3fe2ec80c8"

[[projects]]
  name = "golang.org/x/text"
  packages = [
    "collate",
    "collate/build",
    "encoding",
    "encoding/charmap",
    "encoding/htmlindex",
    "encoding/internal",
    "encoding/internal/identifier",
    "encoding/japanese",
    "encoding/korean",
    "encoding/simplifiedchinese",
    "encoding/traditionalchinese",
    "encoding/unicode",
    "internal/colltab",
    "internal/gen",
    "internal/language",
    "internal/language/compact",
    "internal/tag",
    "internal/triegen",
    "internal/ucd",
    "internal/utf8internal",
    "language",
    "runes",
    "secure/bidirule",
    "transform",
    "unicode/bidi",
    "unicode/cldr",
    "unicode/norm",
    "unicode/rangetable",
    "width"
  ]
  revision = "342b2e1fbaa52c93f31447ad2c6abc048c63e475"
  version = "v0.3.2"

[[projects]]
  branch = "master"
  name = "golang.org/x/time"
  packages = ["rate"]
  revision = "9d24e82272b4f38b78bc8cff74fa936d31ccd8ef"

[[projects]]
  branch = "master"
  name = "golang.org/x/tools"
  packages = [
    "cmd/goimports",
    "go/ast/astutil",
    "go/buildutil",
    "go/gcexportdata",
    "go/internal/cgo",
    "go/internal/gcimporter",
    "go/internal/packagesdriver",
    "go/loader",
    "go/packages",
    "go/types/typeutil",
    "imports",
    "internal/fastwalk",
    "internal/gopathwalk",
    "internal/imports",
    "internal/module",
    "internal/semver"
  ]
  revision = "95c3470cfb70bba4d4d578afaf29e0b4b307e3b3"

[[projects]]
  name = "google.golang.org/appengine"
  packages = [
    "internal",
    "internal/base",
    "internal/datastore",
    "internal/log",
    "internal/remote_api",
    "internal/urlfetch",
    "urlfetch"
  ]
  revision = "b2f4a3cf3c67576a2ee09e1fe62656a5086ce880"
  version = "v1.6.1"

[[projects]]
  name = "gopkg.in/fsnotify.v1"
  packages = ["."]
  revision = "c2828203cd70a50dcccfb2761f8b1f8ceef9a8e9"
  source = "https://github.com/fsnotify/fsnotify.git"
  version = "v1.4.7"

[[projects]]
  name = "gopkg.in/inf.v0"
  packages = ["."]
  revision = "d2d2541c53f18d2a059457998ce2876cc8e67cbf"
  version = "v0.9.1"

[[projects]]
  name = "gopkg.in/jcmturner/aescts.v1"
  packages = ["."]
  revision = "f6abebb3171c4c1b1fea279cb7c7325020a26290"
  version = "v1.0.1"

[[projects]]
  name = "gopkg.in/jcmturner/dnsutils.v1"
  packages = ["."]
  revision = "13eeb8d49ffb74d7a75784c35e4d900607a3943c"
  version = "v1.0.1"

[[projects]]
  name = "gopkg.in/jcmturner/gokrb5.v7"
  packages = [
    "asn1tools",
    "client",
    "config",
    "credentials",
    "crypto",
    "crypto/common",
    "crypto/etype",
    "crypto/rfc3961",
    "crypto/rfc3962",
    "crypto/rfc4757",
    "crypto/rfc8009",
    "gssapi",
    "iana",
    "iana/addrtype",
    "iana/adtype",
    "iana/asnAppTag",
    "iana/chksumtype",
    "iana/errorcode",
    "iana/etypeID",
    "iana/flags",
    "iana/keyusage",
    "iana/msgtype",
    "iana/nametype",
    "iana/patype",
    "kadmin",
    "keytab",
    "krberror",
    "messages",
    "pac",
    "types"
  ]
  revision = "363118e62befa8a14ff01031c025026077fe5d6d"
  version = "v7.3.0"

[[projects]]
  name = "gopkg.in/jcmturner/rpc.v1"
  packages = [
    "mstypes",
    "ndr"
  ]
  revision = "99a8ce2fbf8b8087b6ed12a37c61b10f04070043"
  version = "v1.1.0"

[[projects]]
  name = "gopkg.in/square/go-jose.v2"
  packages = [
    ".",
    "cipher",
    "json"
  ]
  revision = "730df5f748271903322feb182be83b43ebbbe27d"
  version = "v2.3.1"

[[projects]]
  branch = "v1"
  name = "gopkg.in/tomb.v1"
  packages = ["."]
  revision = "dd632973f1e7218eb1089048e0798ec9ae7dceb8"

[[projects]]
  name = "gopkg.in/yaml.v2"
  packages = ["."]
  revision = "51d6538a90f86fe93ac480b35f37b2be17fef232"
  version = "v2.2.2"

[[projects]]
  name = "k8s.io/api"
  packages = [
    "admissionregistration/v1alpha1",
    "admissionregistration/v1beta1",
    "apps/v1",
    "apps/v1beta1",
    "apps/v1beta2",
    "auditregistration/v1alpha1",
    "authentication/v1",
    "authentication/v1beta1",
    "authorization/v1",
    "authorization/v1beta1",
    "autoscaling/v1",
    "autoscaling/v2beta1",
    "autoscaling/v2beta2",
    "batch/v1",
    "batch/v1beta1",
    "batch/v2alpha1",
    "certificates/v1beta1",
    "coordination/v1beta1",
    "core/v1",
    "events/v1beta1",
    "extensions/v1beta1",
    "networking/v1",
    "policy/v1beta1",
    "rbac/v1",
    "rbac/v1alpha1",
    "rbac/v1beta1",
    "scheduling/v1alpha1",
    "scheduling/v1beta1",
    "settings/v1alpha1",
    "storage/v1",
    "storage/v1alpha1",
    "storage/v1beta1"
  ]
  revision = "5cb15d34447165a97c76ed5a60e4e99c8a01ecfe"
  version = "kubernetes-1.13.4"

[[projects]]
  name = "k8s.io/apiextensions-apiserver"
  packages = [
    "pkg/apis/apiextensions",
    "pkg/apis/apiextensions/v1beta1",
    "pkg/client/clientset/clientset",
    "pkg/client/clientset/clientset/scheme",
    "pkg/client/clientset/clientset/typed/apiextensions/v1beta1"
  ]
  revision = "d002e88f6236312f0289d9d1deab106751718ff0"
  version = "kubernetes-1.13.4"

[[projects]]
  name = "k8s.io/apimachinery"
  packages = [
    "pkg/api/errors",
    "pkg/api/meta",
    "pkg/api/resource",
    "pkg/apis/meta/internalversion",
    "pkg/apis/meta/v1",
    "pkg/apis/meta/v1/unstructured",
    "pkg/apis/meta/v1beta1",
    "pkg/conversion",
    "pkg/conversion/queryparams",
    "pkg/fields",
    "pkg/labels",
    "pkg/runtime",
    "pkg/runtime/schema",
    "pkg/runtime/serializer",
    "pkg/runtime/serializer/json",
    "pkg/runtime/serializer/protobuf",
    "pkg/runtime/serializer/recognizer",
    "pkg/runtime/serializer/streaming",
    "pkg/runtime/serializer/versioning",
    "pkg/selection",
    "pkg/types",
    "pkg/util/cache",
    "pkg/util/clock",
    "pkg/util/diff",
    "pkg/util/errors",
    "pkg/util/framer",
    "pkg/util/intstr",
    "pkg/util/json",
    "pkg/util/mergepatch",
    "pkg/util/naming",
    "pkg/util/net",
    "pkg/util/rand",
    "pkg/util/runtime",
    "pkg/util/sets",
    "pkg/util/strategicpatch",
    "pkg/util/validation",
    "pkg/util/validation/field",
    "pkg/util/wait",
    "pkg/util/yaml",
    "pkg/version",
    "pkg/watch",
    "third_party/forked/golang/json",
    "third_party/forked/golang/reflect"
  ]
  revision = "86fb29eff6288413d76bd8506874fddd9fccdff0"
  version = "kubernetes-1.13.4"

[[projects]]
  name = "k8s.io/apiserver"
  packages = [
    "pkg/authentication/authenticator",
    "pkg/authentication/request/bearertoken",
    "pkg/authentication/user",
    "pkg/authorization/authorizer",
    "pkg/authorization/authorizerfactory",
    "pkg/util/webhook",
    "plugin/pkg/authenticator/token/oidc",
    "plugin/pkg/authorizer/webhook"
  ]
  revision = "79427f02047f9189a75b8cdaadccaf65a126853e"
  version = "kubernetes-1.13.4"

[[projects]]
  name = "k8s.io/client-go"
  packages = [
    "discovery",
    "discovery/fake",
    "dynamic",
    "dynamic/fake",
    "informers",
    "informers/admissionregistration",
    "informers/admissionregistration/v1alpha1",
    "informers/admissionregistration/v1beta1",
    "informers/apps",
    "informers/apps/v1",
    "informers/apps/v1beta1",
    "informers/apps/v1beta2",
    "informers/auditregistration",
    "informers/auditregistration/v1alpha1",
    "informers/autoscaling",
    "informers/autoscaling/v1",
    "informers/autoscaling/v2beta1",
    "informers/autoscaling/v2beta2",
    "informers/batch",
    "informers/batch/v1",
    "informers/batch/v1beta1",
    "informers/batch/v2alpha1",
    "informers/certificates",
    "informers/certificates/v1beta1",
    "informers/coordination",
    "informers/coordination/v1beta1",
    "informers/core",
    "informers/core/v1",
    "informers/events",
    "informers/events/v1beta1",
    "informers/extensions",
    "informers/extensions/v1beta1",
    "informers/internalinterfaces",
    "informers/networking",
    "informers/networking/v1",
    "informers/policy",
    "informers/policy/v1beta1",
    "informers/rbac",
    "informers/rbac/v1",
    "informers/rbac/v1alpha1",
    "informers/rbac/v1beta1",
    "informers/scheduling",
    "informers/scheduling/v1alpha1",
    "informers/scheduling/v1beta1",
    "informers/settings",
    "informers/settings/v1alpha1",
    "informers/storage",
    "informers/storage/v1",
    "informers/storage/v1alpha1",
    "informers/storage/v1beta1",
    "kubernetes",
    "kubernetes/fake",
    "kubernetes/scheme",
    "kubernetes/typed/admissionregistration/v1alpha1",
    "kubernetes/typed/admissionregistration/v1alpha1/fake",
    "kubernetes/typed/admissionregistration/v1beta1",
    "kubernetes/typed/admissionregistration/v1beta1/fake",
    "kubernetes/typed/apps/v1",
    "kubernetes/typed/apps/v1/fake",
    "kubernetes/typed/apps/v1beta1",
    "kubernetes/typed/apps/v1beta1/fake",
    "kubernetes/typed/apps/v1beta2",
    "kubernetes/typed/apps/v1beta2/fake",
    "kubernetes/typed/auditregistration/v1alpha1",
    "kubernetes/typed/auditregistration/v1alpha1/fake",
    "kubernetes/typed/authentication/v1",
    "kubernetes/typed/authentication/v1/fake",
    "kubernetes/typed/authentication/v1beta1",
    "kubernetes/typed/authentication/v1beta1/fake",
    "kubernetes/typed/authorization/v1",
    "kubernetes/typed/authorization/v1/fake",
    "kubernetes/typed/authorization/v1beta1",
    "kubernetes/typed/authorization/v1beta1/fake",
    "kubernetes/typed/autoscaling/v1",
    "kubernetes/typed/autoscaling/v1/fake",
    "kubernetes/typed/autoscaling/v2beta1",
    "kubernetes/typed/autoscaling/v2beta1/fake",
    "kubernetes/typed/autoscaling/v2beta2",
    "kubernetes/typed/autoscaling/v2beta2/fake",
    "kubernetes/typed/batch/v1",
    "kubernetes/typed/batch/v1/fake",
    "kubernetes/typed/batch/v1beta1",
    "kubernetes/typed/batch/v1beta1/fake",
    "kubernetes/typed/batch/v2alpha1",
    "kubernetes/typed/batch/v2alpha1/fake",
    "kubernetes/typed/certificates/v1beta1",
    "kubernetes/typed/certificates/v1beta1/fake",
    "kubernetes/typed/coordination/v1beta1",
    "kubernetes/typed/coordination/v1beta1/fake",
    "kubernetes/typed/core/v1",
    "kubernetes/typed/core/v1/fake",
    "kubernetes/typed/events/v1beta1",
    "kubernetes/typed/events/v1beta1/fake",
    "kubernetes/typed/extensions/v1beta1",
    "kubernetes/typed/extensions/v1beta1/fake",
    "kubernetes/typed/networking/v1",
    "kubernetes/typed/networking/v1/fake",
    "kubernetes/typed/policy/v1beta1",
    "kubernetes/typed/policy/v1beta1/fake",
    "kubernetes/typed/rbac/v1",
    "kubernetes/typed/rbac/v1/fake",
    "kubernetes/typed/rbac/v1alpha1",
    "kubernetes/typed/rbac/v1alpha1/fake",
    "kubernetes/typed/rbac/v1beta1",
    "kubernetes/typed/rbac/v1beta1/fake",
    "kubernetes/typed/scheduling/v1alpha1",
    "kubernetes/typed/scheduling/v1alpha1/fake",
    "kubernetes/typed/scheduling/v1beta1",
    "kubernetes/typed/scheduling/v1beta1/fake",
    "kubernetes/typed/settings/v1alpha1",
    "kubernetes/typed/settings/v1alpha1/fake",
    "kubernetes/typed/storage/v1",
    "kubernetes/typed/storage/v1/fake",
    "kubernetes/typed/storage/v1alpha1",
    "kubernetes/typed/storage/v1alpha1/fake",
    "kubernetes/typed/storage/v1beta1",
    "kubernetes/typed/storage/v1beta1/fake",
    "listers/admissionregistration/v1alpha1",
    "listers/admissionregistration/v1beta1",
    "listers/apps/v1",
    "listers/apps/v1beta1",
    "listers/apps/v1beta2",
    "listers/auditregistration/v1alpha1",
    "listers/autoscaling/v1",
    "listers/autoscaling/v2beta1",
    "listers/autoscaling/v2beta2",
    "listers/batch/v1",
    "listers/batch/v1beta1",
    "listers/batch/v2alpha1",
    "listers/certificates/v1beta1",
    "listers/coordination/v1beta1",
    "listers/core/v1",
    "listers/events/v1beta1",
    "listers/extensions/v1beta1",
    "listers/networking/v1",
    "listers/policy/v1beta1",
    "listers/rbac/v1",
    "listers/rbac/v1alpha1",
    "listers/rbac/v1beta1",
    "listers/scheduling/v1alpha1",
    "listers/scheduling/v1beta1",
    "listers/settings/v1alpha1",
    "listers/storage/v1",
    "listers/storage/v1alpha1",
    "listers/storage/v1beta1",
    "pkg/apis/clientauthentication",
    "pkg/apis/clientauthentication/v1alpha1",
    "pkg/apis/clientauthentication/v1beta1",
    "pkg/version",
    "plugin/pkg/client/auth/exec",
    "rest",
    "rest/fake",
    "rest/watch",
    "testing",
    "tools/auth",
    "tools/cache",
    "tools/clientcmd",
    "tools/clientcmd/api",
    "tools/clientcmd/api/latest",
    "tools/clientcmd/api/v1",
    "tools/metrics",
    "tools/pager",
    "tools/reference",
    "transport",
    "util/buffer",
    "util/cert",
    "util/connrotation",
    "util/flowcontrol",
    "util/homedir",
    "util/integer",
    "util/retry"
  ]
  revision = "b40b2a5939e43f7ffe0028ad67586b7ce50bb675"
  version = "kubernetes-1.13.4"

[[projects]]
  name = "k8s.io/code-generator"
  packages = [
    "cmd/client-gen",
    "cmd/client-gen/args",
    "cmd/client-gen/generators",
    "cmd/client-gen/generators/fake",
    "cmd/client-gen/generators/scheme",
    "cmd/client-gen/generators/util",
    "cmd/client-gen/path",
    "cmd/client-gen/types",
    "cmd/conversion-gen",
    "cmd/conversion-gen/args",
    "cmd/conversion-gen/generators",
    "cmd/deepcopy-gen",
    "cmd/deepcopy-gen/args",
    "cmd/defaulter-gen",
    "cmd/defaulter-gen/args",
    "cmd/informer-gen",
    "cmd/informer-gen/args",
    "cmd/informer-gen/generators",
    "cmd/lister-gen",
    "cmd/lister-gen/args",
    "cmd/lister-gen/generators",
    "cmd/openapi-gen",
    "cmd/openapi-gen/args",
    "pkg/util"
  ]
  revision = "3dcf91f64f638563e5106f21f50c31fa361c918d"
  version = "kubernetes-1.12.0"

[[projects]]
  branch = "master"
  name = "k8s.io/gengo"
  packages = [
    "args",
    "examples/deepcopy-gen/generators",
    "examples/defaulter-gen/generators",
    "examples/set-gen/sets",
    "generator",
    "namer",
    "parser",
    "types"
  ]
  revision = "26a664648505d962332bda642b27306bc10d1082"

[[projects]]
  name = "k8s.io/klog"
  packages = ["."]
  revision = "3ca30a56d8a775276f9cdae009ba326fdc05af7f"
  version = "v0.4.0"

[[projects]]
  branch = "master"
  name = "k8s.io/kube-openapi"
  packages = [
    "cmd/openapi-gen/args",
    "pkg/common",
    "pkg/generators",
    "pkg/generators/rules",
    "pkg/util/proto",
    "pkg/util/sets"
  ]
  revision = "743ec37842bffe49dd4221d9026f30fb1d5adbc4"

[[projects]]
  name = "sigs.k8s.io/controller-runtime"
  packages = [
    "pkg/client/config",
    "pkg/envtest",
    "pkg/envtest/printer",
    "pkg/runtime/log",
    "pkg/runtime/scheme"
  ]
  revision = "f1eaba5087d69cebb154c6a48193e6667f5b512c"
  version = "v0.1.12"

[[projects]]
  name = "sigs.k8s.io/testing_frameworks"
  packages = [
    "integration",
    "integration/addr",
    "integration/internal"
  ]
  revision = "d348cb12705b516376e0c323bacca72b00a78425"
  version = "v0.1.1"

[[projects]]
  name = "sigs.k8s.io/yaml"
  packages = ["."]
  revision = "fd68e9863619f6ec2fdd8625fe1f02e7c877e480"
  version = "v1.1.0"

[solve-meta]
  analyzer-name = "dep"
  analyzer-version = 1
  inputs-digest = "91a92c788dbe1420068dcf59b3b0f9e1bcb6c4053f3495ce6ed7428081161fbe"
  solver-name = "gps-cdcl"
  solver-version = 1
