# This file is autogenerated, do not edit; changes may be undone by the next 'dep ensure'.


[[projects]]
  name = "github.com/kisielk/errcheck"
  packages = [
    ".",
    "internal/errcheck"
  ]
  revision = "e14f8d59a22d460d56c5ee92507cd94c78fbf274"

[[projects]]
  name = "github.com/konsorten/go-windows-terminal-sequences"
  packages = ["."]
  revision = "f55edac94c9bbba5d6182a4be46d86a2c9b5b50e"
  version = "v1.0.2"

[[projects]]
  name = "github.com/sirupsen/logrus"
  packages = ["."]
  revision = "839c75faf7f98a33d445d181f3018b5c3409a45e"
  version = "v1.4.2"

[[projects]]
  branch = "master"
  name = "golang.org/x/sys"
  packages = ["unix"]
  revision = "04f50cda93cbb67f2afa353c52f342100e80e625"

[[projects]]
  branch = "master"
  name = "golang.org/x/tools"
  packages = [
    "cmd/goimports",
    "go/ast/astutil",
    "go/gcexportdata",
    "go/internal/gcimporter",
    "go/internal/packagesdriver",
    "go/packages",
    "go/types/typeutil",
    "internal/fastwalk",
    "internal/gopathwalk",
    "internal/imports",
    "internal/module",
    "internal/semver"
  ]
  revision = "c8855242db9c1762032abe33c2dff50de3ec9d05"

[solve-meta]
  analyzer-name = "dep"
  analyzer-version = 1
  inputs-digest = "b693109ed0ca56602d14aa3131d10e93ecb29c04ca381e867b72a3275e9b648f"
  solver-name = "gps-cdcl"
  solver-version = 1
