# This file is autogenerated, do not edit; changes may be undone by the next 'dep ensure'.


[[projects]]
  digest = "1:24999b64e10e8ef88542e73ced0590476df6a9108986e38b6e9adfc61ef6a084"
  name = "cloud.google.com/go"
  packages = [
    "compute/metadata",
    "container/apiv1",
    "internal/version",
    "monitoring/apiv3",
    "trace/apiv2",
  ]
  pruneopts = "UT"
  revision = "d1ee711ee996fa74abaffbdb572963f368f215a9"
  version = "v0.49.0"

[[projects]]
  digest = "1:a0f79124a2fba5112d3d1466b917daf508e548c6c2da106399df92a79e06628b"
  name = "contrib.go.opencensus.io/exporter/prometheus"
  packages = ["."]
  pruneopts = "UT"
  revision = "f4a2c1e53ec45636355d35fb9022b64e4bdd4a91"
  version = "v0.1.0"

[[projects]]
  digest = "1:5d98ddff2b0590887ec18d7b38d6a043fc1721b32ab8b372e6a36ae1806aa23b"
  name = "contrib.go.opencensus.io/exporter/stackdriver"
  packages = [
    ".",
    "monitoredresource",
  ]
  pruneopts = "UT"
  revision = "bf39ce456bd8c6e2e3e37ef9775ed8b10628feca"
  version = "v0.12.5"

[[projects]]
  digest = "1:371a9396c2c1a6cb1d7d1de3373d06c005c313e1f4c7a58a691e8d1d4e40e483"
  name = "contrib.go.opencensus.io/exporter/zipkin"
  packages = ["."]
  pruneopts = "UT"
  revision = "30f9fad5db2c8944c21d223496e2543aeb445d4c"
  version = "v0.1.1"

[[projects]]
  digest = "1:9f3b30d9f8e0d7040f729b82dcbc8f0dead820a133b3147ce355fc451f32d761"
  name = "github.com/BurntSushi/toml"
  packages = ["."]
  pruneopts = "UT"
  revision = "3012a1dbe2e4bd1391d42b32f0577cb7bbc7f005"
  version = "v0.3.1"

[[projects]]
  digest = "1:6062abf6317d3d6963496e01e22264a2e8a7e3b35e2917aa00ed3d182f569be6"
  name = "github.com/avast/retry-go"
  packages = ["."]
  pruneopts = "UT"
  revision = "f9a5f3752008752cd4f31f9c0c4dc60dec4583e5"
  version = "v2.4.3"

[[projects]]
  digest = "1:9ade4a07477a7b0f9a0a472842aaccdc0c298869ec7b818251f4b7642bef53fe"
  name = "github.com/aws/aws-sdk-go"
  packages = [
    "aws",
    "aws/awserr",
    "aws/awsutil",
    "aws/client",
    "aws/client/metadata",
    "aws/corehandlers",
    "aws/credentials",
    "aws/credentials/ec2rolecreds",
    "aws/credentials/endpointcreds",
    "aws/credentials/processcreds",
    "aws/credentials/stscreds",
    "aws/csm",
    "aws/defaults",
    "aws/ec2metadata",
    "aws/endpoints",
    "aws/request",
    "aws/session",
    "aws/signer/v4",
    "internal/ini",
    "internal/sdkio",
    "internal/sdkmath",
    "internal/sdkrand",
    "internal/sdkuri",
    "internal/shareddefaults",
    "private/protocol",
    "private/protocol/json/jsonutil",
    "private/protocol/query",
    "private/protocol/query/queryutil",
    "private/protocol/rest",
    "private/protocol/xml/xmlutil",
    "service/sts",
    "service/sts/stsiface",
  ]
  pruneopts = "UT"
  revision = "ed081a7af453411de4fdd66717d9f68bbcc3b92c"
  version = "v1.25.45"

[[projects]]
  digest = "1:d6afaeed1502aa28e80a4ed0981d570ad91b2579193404256ce672ed0a609e0d"
  name = "github.com/beorn7/perks"
  packages = ["quantile"]
  pruneopts = "UT"
  revision = "37c8de3658fcb183f997c4e13e8337516ab753e6"
  version = "v1.0.1"

[[projects]]
  digest = "1:e7d26760c4e7d67a443b082153c4b473ad0b8f7388302a2f788b1360f751abb8"
  name = "github.com/census-instrumentation/opencensus-proto"
  packages = [
    "gen-go/agent/common/v1",
    "gen-go/metrics/v1",
    "gen-go/resource/v1",
  ]
  pruneopts = "UT"
  revision = "d89fa54de508111353cb0b06403c00569be780d8"
  version = "v0.2.1"

[[projects]]
  digest = "1:078db1588b2eca641aadbfd9b5b913417d6a49c3af482c84688c9878d2880561"
  name = "github.com/cloudevents/sdk-go"
  packages = [
    ".",
    "pkg/cloudevents",
    "pkg/cloudevents/client",
    "pkg/cloudevents/context",
    "pkg/cloudevents/datacodec",
    "pkg/cloudevents/datacodec/json",
    "pkg/cloudevents/datacodec/text",
    "pkg/cloudevents/datacodec/xml",
    "pkg/cloudevents/observability",
    "pkg/cloudevents/transport",
    "pkg/cloudevents/transport/http",
    "pkg/cloudevents/types",
  ]
  pruneopts = "UT"
  revision = "83240f19d5bfc05d8ec808e0b91edc2e643350c0"
  version = "0.10.1"

[[projects]]
  digest = "1:ffe9824d294da03b391f44e1ae8281281b4afc1bdaa9588c9097785e3af10cec"
  name = "github.com/davecgh/go-spew"
  packages = ["spew"]
  pruneopts = "UT"
  revision = "8991bc29aa16c548c550c7ff78260e27b9ab7c73"
  version = "v1.1.1"

[[projects]]
  digest = "1:ac425d784b13d49b37a5bbed3ce022677f8f3073b216f05d6adcb9303e27fa0f"
  name = "github.com/evanphx/json-patch"
  packages = ["."]
  pruneopts = "UT"
  revision = "026c730a0dcc5d11f93f1cf1cc65b01247ea7b6f"
  version = "v4.5.0"

[[projects]]
  digest = "1:2cd7915ab26ede7d95b8749e6b1f933f1c6d5398030684e6505940a10f31cfda"
  name = "github.com/ghodss/yaml"
  packages = ["."]
  pruneopts = "UT"
  revision = "0ca9ea5df5451ffdf184b4428c902747c2c11cd7"
  version = "v1.0.0"

[[projects]]
  digest = "1:57ae8919194013fb07b8390fb8a32e700c12fdab96e8dc4bb15d5fe45dc43245"
  name = "github.com/gobuffalo/envy"
  packages = ["."]
  pruneopts = "UT"
  revision = "dc9565002201aca1286f8d6262f5cd568226562a"
  version = "v1.8.1"

[[projects]]
  digest = "1:582e25eccee928dc12416ea4c23b6dae8f3b5687730632aa1473ebebe80a2359"
  name = "github.com/gogo/protobuf"
  packages = [
    "proto",
    "sortkeys",
  ]
  pruneopts = "UT"
  revision = "5628607bb4c51c3157aacc3a50f0ab707582b805"
  version = "v1.3.1"

[[projects]]
  branch = "master"
  digest = "1:b7cb6054d3dff43b38ad2e92492f220f57ae6087ee797dca298139776749ace8"
  name = "github.com/golang/groupcache"
  packages = ["lru"]
  pruneopts = "UT"
  revision = "611e8accdfc92c4187d399e95ce826046d4c8d73"

[[projects]]
  digest = "1:68f0ad2c2af816280679ccac300f7b765fb6a6567fa949e07fb4c7125a6a6398"
  name = "github.com/golang/protobuf"
  packages = [
    "proto",
    "protoc-gen-go/descriptor",
    "ptypes",
    "ptypes/any",
    "ptypes/duration",
    "ptypes/empty",
    "ptypes/struct",
    "ptypes/timestamp",
    "ptypes/wrappers",
  ]
  pruneopts = "UT"
  revision = "6c65a5562fc06764971b7c5d05c76c75e84bdbf7"
  version = "v1.3.2"

[[projects]]
  digest = "1:010d46ea3c1e730897e53058d1013a963f3f987675dda87df64f891b945281db"
  name = "github.com/google/go-cmp"
  packages = [
    "cmp",
    "cmp/cmpopts",
    "cmp/internal/diff",
    "cmp/internal/flags",
    "cmp/internal/function",
    "cmp/internal/value",
  ]
  pruneopts = "UT"
  revision = "6f77996f0c42f7b84e5a2b252227263f93432e9b"
  version = "v0.3.0"

[[projects]]
  digest = "1:10aa62acd56f635de190110a836aa261b3774e697b2b6a7af27d8263cf856d47"
  name = "github.com/google/go-containerregistry"
  packages = ["pkg/name"]
  pruneopts = "UT"
  revision = "b02d448a3705facf11018efff34f1d2830be5724"

[[projects]]
  digest = "1:a6181aca1fd5e27103f9a920876f29ac72854df7345a39f3b01e61c8c94cc8af"
  name = "github.com/google/gofuzz"
  packages = ["."]
  pruneopts = "UT"
  revision = "f140a6486e521aad38f5917de355cbf147cc0496"
  version = "v1.0.0"

[[projects]]
  digest = "1:582b704bebaa06b48c29b0cec224a6058a09c86883aaddabde889cd1a5f73e1b"
  name = "github.com/google/uuid"
  packages = ["."]
  pruneopts = "UT"
  revision = "0cd6bf5da1e1c83f8b45653022c74f71af0538a4"
  version = "v1.1.1"

[[projects]]
  digest = "1:766102087520f9d54f2acc72bd6637045900ac735b4a419b128d216f0c5c4876"
  name = "github.com/googleapis/gax-go"
  packages = ["v2"]
  pruneopts = "UT"
  revision = "bd5b16380fd03dc758d11cef74ba2e3bc8b0e8c2"
  version = "v2.0.5"

[[projects]]
  digest = "1:ca4524b4855ded427c7003ec903a5c854f37e7b1e8e2a93277243462c5b753a8"
  name = "github.com/googleapis/gnostic"
  packages = [
    "OpenAPIv2",
    "compiler",
    "extensions",
  ]
  pruneopts = "UT"
  revision = "ab0dd09aa10e2952b28e12ecd35681b20463ebab"
  version = "v0.3.1"

[[projects]]
  digest = "1:c77361e611524ec8f2ad37c408c3c916111a70b6acf806a1200855696bf8fa4d"
  name = "github.com/hashicorp/golang-lru"
  packages = [
    ".",
    "simplelru",
  ]
  pruneopts = "UT"
  revision = "7f827b33c0f158ec5dfbba01bb0b14a4541fd81d"
  version = "v0.5.3"

[[projects]]
  digest = "1:78d28d5b84a26159c67ea51996a230da4bc07cac648adaae1dfb5fc0ec8e40d3"
  name = "github.com/imdario/mergo"
  packages = ["."]
  pruneopts = "UT"
  revision = "1afb36080aec31e0d1528973ebe6721b191b0369"
  version = "v0.3.8"

[[projects]]
  digest = "1:bb81097a5b62634f3e9fec1014657855610c82d19b9a40c17612e32651e35dca"
  name = "github.com/jmespath/go-jmespath"
  packages = ["."]
  pruneopts = "UT"
  revision = "c2b33e84"

[[projects]]
  digest = "1:ecd9aa82687cf31d1585d4ac61d0ba180e42e8a6182b85bd785fcca8dfeefc1b"
  name = "github.com/joho/godotenv"
  packages = ["."]
  pruneopts = "UT"
  revision = "23d116af351c84513e1946b527c88823e476be13"
  version = "v1.3.0"

[[projects]]
  digest = "1:beb5b4f42a25056f0aa291b5eadd21e2f2903a05d15dfe7caf7eaee7e12fa972"
  name = "github.com/json-iterator/go"
  packages = ["."]
  pruneopts = "UT"
  revision = "03217c3e97663914aec3faafde50d081f197a0a2"
  version = "1.1.8"

[[projects]]
  digest = "1:fd9bea48bbc5bba66d9891c72af7255fbebecdff845c37c679406174ece5ca1b"
  name = "github.com/kelseyhightower/envconfig"
  packages = ["."]
  pruneopts = "UT"
  revision = "0b417c4ec4a8a82eecc22a1459a504aa55163d61"
  version = "v1.4.0"

[[projects]]
  digest = "1:3804a3a02964db8e6db3e5e7960ac1c1a9b12835642dd4f4ac4e56c749ec73eb"
  name = "github.com/markbates/inflect"
  packages = ["."]
  pruneopts = "UT"
  revision = "24b83195037b3bc61fcda2d28b7b0518bce293b6"
  version = "v1.0.4"

[[projects]]
  branch = "master"
  digest = "1:fc2b04b0069d6b10bdef96d278fe20c345794009685ed3c8c7f1a6dc023eefec"
  name = "github.com/mattbaird/jsonpatch"
  packages = ["."]
  pruneopts = "UT"
  revision = "81af80346b1a01caae0cbc27fd3c1ba5b11e189f"

[[projects]]
  digest = "1:ff5ebae34cfbf047d505ee150de27e60570e8c394b3b8fdbb720ff6ac71985fc"
  name = "github.com/matttproud/golang_protobuf_extensions"
  packages = ["pbutil"]
  pruneopts = "UT"
  revision = "c12348ce28de40eed0136aa2b644d0ee0650e56c"
  version = "v1.0.1"

[[projects]]
  digest = "1:33422d238f147d247752996a26574ac48dcf472976eda7f5134015f06bf16563"
  name = "github.com/modern-go/concurrent"
  packages = ["."]
  pruneopts = "UT"
  revision = "bacd9c7ef1dd9b15be4a9909b8ac7a4e313eec94"
  version = "1.0.3"

[[projects]]
  digest = "1:e32bdbdb7c377a07a9a46378290059822efdce5c8d96fe71940d87cb4f918855"
  name = "github.com/modern-go/reflect2"
  packages = ["."]
  pruneopts = "UT"
  revision = "4b7aa43c6742a2c18fdef89dd197aaae7dac7ccd"
  version = "1.0.1"

[[projects]]
  digest = "1:5e77097fe469a5197f48f4625b0de00024529ce29af6b93a6e5635f42a54599a"
  name = "github.com/openzipkin/zipkin-go"
  packages = [
    ".",
    "idgenerator",
    "model",
    "propagation",
    "reporter",
    "reporter/http",
  ]
  pruneopts = "UT"
  revision = "c29478e51bfb2e9c93e0e9f5e015e5993a490399"
  version = "v0.2.2"

[[projects]]
  digest = "1:cf31692c14422fa27c83a05292eb5cbe0fb2775972e8f1f8446a71549bd8980b"
  name = "github.com/pkg/errors"
  packages = ["."]
  pruneopts = "UT"
  revision = "ba968bfe8b2f7e042a574c888954fccecfa385b4"
  version = "v0.8.1"

[[projects]]
  digest = "1:eb04f69c8991e52eff33c428bd729e04208bf03235be88e4df0d88497c6861b9"
  name = "github.com/prometheus/client_golang"
  packages = [
    "prometheus",
    "prometheus/internal",
    "prometheus/promhttp",
  ]
  pruneopts = "UT"
  revision = "170205fb58decfd011f1550d4cfb737230d7ae4f"
  version = "v1.1.0"

[[projects]]
  branch = "master"
  digest = "1:982be0b5396e16a663697899ce69cc7b1e71ddcae4153af157578d4dc9bc3f88"
  name = "github.com/prometheus/client_model"
  packages = ["go"]
  pruneopts = "UT"
  revision = "d1d2010b5beead3fa1c5f271a5cf626e40b3ad6e"

[[projects]]
  digest = "1:f119e3205d3a1f0f19dbd7038eb37528e2c6f0933269dc344e305951fb87d632"
  name = "github.com/prometheus/common"
  packages = [
    "expfmt",
    "internal/bitbucket.org/ww/goautoneg",
    "model",
  ]
  pruneopts = "UT"
  revision = "287d3e634a1e550c9e463dd7e5a75a422c614505"
  version = "v0.7.0"

[[projects]]
  digest = "1:ec0ff4bd619a67065e34d6477711ed0117e335f99059a4c508e0fe21cfe7b304"
  name = "github.com/prometheus/procfs"
  packages = [
    ".",
    "internal/fs",
    "internal/util",
  ]
  pruneopts = "UT"
  revision = "6d489fc7f1d9cd890a250f3ea3431b1744b9623f"
  version = "v0.0.8"

[[projects]]
  digest = "1:b778880d47d8544b11cd82b0d9731f9669d653489b400d0b5899b8a20934e7b4"
  name = "github.com/robfig/cron"
  packages = ["."]
  pruneopts = "UT"
  revision = "45fbe1491cdd47d74d1bf1396286d67faee8b8b5"
  version = "v3.0.0"

[[projects]]
  digest = "1:e09ada96a5a41deda4748b1659cc8953961799e798aea557257b56baee4ecaf3"
  name = "github.com/rogpeppe/go-internal"
  packages = [
    "modfile",
    "module",
    "semver",
  ]
  pruneopts = "UT"
  revision = "d89504fbbf2c313df24867a5ffafcc9b847961ff"
  version = "v1.5.0"

[[projects]]
  digest = "1:524b71991fc7d9246cc7dc2d9e0886ccb97648091c63e30eef619e6862c955dd"
  name = "github.com/spf13/pflag"
  packages = ["."]
  pruneopts = "UT"
  revision = "2e9d26c8c37aae03e3f9d4e90b7116f5accb7cab"
  version = "v1.0.5"

[[projects]]
  digest = "1:c55d24b98f9e95041acea0a45d8cc5bee600c87bd3cbdced7c48ad3a00dfe069"
  name = "go.opencensus.io"
  packages = [
    ".",
    "internal",
    "internal/tagencoding",
    "metric/metricdata",
    "metric/metricexport",
    "metric/metricproducer",
    "plugin/ocgrpc",
    "plugin/ochttp",
    "plugin/ochttp/propagation/b3",
    "resource",
    "resource/resourcekeys",
    "stats",
    "stats/internal",
    "stats/view",
    "tag",
    "trace",
    "trace/internal",
    "trace/propagation",
    "trace/tracestate",
  ]
  pruneopts = "UT"
  revision = "aad2c527c5defcf89b5afab7f37274304195a6b2"
  version = "v0.22.2"

[[projects]]
  digest = "1:c708d00d1097e62bf4f3a72f239efa7dafc257581421b0b7d3789e1ff5299f30"
  name = "go.uber.org/atomic"
  packages = ["."]
  pruneopts = "UT"
  revision = "40ae6a40a970ef4cdbffa7b24b280e316db8accc"
  version = "v1.5.1"

[[projects]]
  digest = "1:e6d88834deb4e35eb998c74f4d042db6ccecaaf62c0f6d57905852800994af00"
  name = "go.uber.org/multierr"
  packages = ["."]
  pruneopts = "UT"
  revision = "824d08f79702fe5f54aca8400aa0d754318786e7"
  version = "v1.4.0"

[[projects]]
  branch = "master"
  digest = "1:3032e90a153750ea149f68bf081f97ca738f041fba45c41c80737f572ffdf2f4"
  name = "go.uber.org/tools"
  packages = ["update-license"]
  pruneopts = "UT"
  revision = "2cfd321de3ee5d5f8a5fda2521d1703478334d98"

[[projects]]
  digest = "1:69137ca8c666339ba6d3faf4a6f93ae7fb5f6f2c3ae003055a99154486309911"
  name = "go.uber.org/zap"
  packages = [
    ".",
    "buffer",
    "internal/bufferpool",
    "internal/color",
    "internal/exit",
    "internal/ztest",
    "zapcore",
    "zaptest",
  ]
  pruneopts = "UT"
  revision = "33e58d4d0120aa28d4df84cd244838c490846c9d"
  version = "v1.13.0"

[[projects]]
  branch = "master"
  digest = "1:bbe51412d9915d64ffaa96b51d409e070665efc5194fcf145c4a27d4133107a4"
  name = "golang.org/x/crypto"
  packages = ["ssh/terminal"]
  pruneopts = "UT"
  revision = "86a70503ff7e82ffc18c7b0de83db35da4791e6a"

[[projects]]
  branch = "master"
  digest = "1:334b27eac455cb6567ea28cd424230b07b1a64334a2f861a8075ac26ce10af43"
  name = "golang.org/x/lint"
  packages = [
    ".",
    "golint",
  ]
  pruneopts = "UT"
  revision = "fdd1cda4f05fd1fd86124f0ef9ce31a0b72c8448"

[[projects]]
  branch = "master"
  digest = "1:fffab63ab82658676ddee37941c6fbffd0f3007529d5b5639b912c9945164782"
  name = "golang.org/x/net"
  packages = [
    "context",
    "context/ctxhttp",
    "http/httpguts",
    "http2",
    "http2/h2c",
    "http2/hpack",
    "idna",
    "internal/timeseries",
    "trace",
  ]
  pruneopts = "UT"
  revision = "ef20fe5d793301b553005db740f730d87993f778"

[[projects]]
  branch = "master"
  digest = "1:e9dec12f847de7d8cd7c1d3d0d89aa40a345a768fd20e10d378a260da9ad65aa"
  name = "golang.org/x/oauth2"
  packages = [
    ".",
    "google",
    "internal",
    "jws",
    "jwt",
  ]
  pruneopts = "UT"
  revision = "858c2ad4c8b6c5d10852cb89079f6ca1c7309787"

[[projects]]
  branch = "master"
  digest = "1:a2fc247e64b5dafd3251f12d396ec85f163d5bb38763c4997856addddf6e78d8"
  name = "golang.org/x/sync"
  packages = [
    "errgroup",
    "semaphore",
  ]
  pruneopts = "UT"
  revision = "cd5d95a43a6e21273425c7ae415d3df9ea832eeb"

[[projects]]
  branch = "master"
  digest = "1:77b59f879b437f66aa2d510e2752017a5a1ce3cef6f4744586affbed1ccf2f46"
  name = "golang.org/x/sys"
  packages = [
    "unix",
    "windows",
  ]
  pruneopts = "UT"
  revision = "6d18c012aee9febd81bbf9806760c8c4480e870d"

[[projects]]
  digest = "1:8d8faad6b12a3a4c819a3f9618cb6ee1fa1cfc33253abeeea8b55336721e3405"
  name = "golang.org/x/text"
  packages = [
    "collate",
    "collate/build",
    "internal/colltab",
    "internal/gen",
    "internal/language",
    "internal/language/compact",
    "internal/tag",
    "internal/triegen",
    "internal/ucd",
    "language",
    "secure/bidirule",
    "transform",
    "unicode/bidi",
    "unicode/cldr",
    "unicode/norm",
    "unicode/rangetable",
  ]
  pruneopts = "UT"
  revision = "342b2e1fbaa52c93f31447ad2c6abc048c63e475"
  version = "v0.3.2"

[[projects]]
  branch = "master"
  digest = "1:a2f668c709f9078828e99cb1768cb02e876cb81030545046a32b54b2ac2a9ea8"
  name = "golang.org/x/time"
  packages = ["rate"]
  pruneopts = "UT"
  revision = "555d28b269f0569763d25dbe1a237ae74c6bcc82"

[[projects]]
  branch = "master"
  digest = "1:4f562b3c93609bfd5c2d2bee033036b5d28783d39727b454fd14ac65c28f6c3f"
  name = "golang.org/x/tools"
  packages = [
    "go/analysis",
    "go/analysis/passes/inspect",
    "go/ast/astutil",
    "go/ast/inspector",
    "go/buildutil",
    "go/gcexportdata",
    "go/internal/gcimporter",
    "go/internal/packagesdriver",
    "go/packages",
    "go/types/objectpath",
    "go/types/typeutil",
    "imports",
    "internal/fastwalk",
    "internal/gopathwalk",
    "internal/imports",
    "internal/module",
    "internal/semver",
    "internal/span",
  ]
  pruneopts = "UT"
  revision = "c197fd4bf3712fd6a7d00f39b376956dd5d58449"

[[projects]]
  branch = "master"
  digest = "1:eee3a8396fa027d9497fba498494f9e71eadfaf2459849b438e24bbe797f016e"
  name = "google.golang.org/api"
  packages = [
    "googleapi/transport",
    "internal",
    "iterator",
    "option",
    "support/bundler",
    "transport",
    "transport/grpc",
    "transport/http",
    "transport/http/internal/propagation",
  ]
  pruneopts = "UT"
  revision = "4304c8e7a0219f59367b039c98f7cd1f47291d1e"

[[projects]]
  digest = "1:c98e9b93e6d178378530b920fe6e1aa4b3dd4972872111e83827746aa1f33ded"
  name = "google.golang.org/appengine"
  packages = [
    ".",
    "internal",
    "internal/app_identity",
    "internal/base",
    "internal/datastore",
    "internal/log",
    "internal/modules",
    "internal/remote_api",
    "internal/socket",
    "internal/urlfetch",
    "socket",
    "urlfetch",
  ]
  pruneopts = "UT"
  revision = "971852bfffca25b069c31162ae8f247a3dba083b"
  version = "v1.6.5"

[[projects]]
  branch = "master"
  digest = "1:a08c950b2ae376b2368b65d6738bc22e74609277d9192360c8a366afb7ea609f"
  name = "google.golang.org/genproto"
  packages = [
    "googleapis/api",
    "googleapis/api/annotations",
    "googleapis/api/distribution",
    "googleapis/api/label",
    "googleapis/api/metric",
    "googleapis/api/monitoredres",
    "googleapis/container/v1",
    "googleapis/devtools/cloudtrace/v2",
    "googleapis/monitoring/v3",
    "googleapis/rpc/status",
    "googleapis/type/calendarperiod",
    "protobuf/field_mask",
  ]
  pruneopts = "UT"
  revision = "049a07e0debe1a8cd87b6d392cfdb5ac558c7ddf"

[[projects]]
  digest = "1:24e53d55c77347c4061c3ea97d11b2d3b495b263dd9f632f9ceabe3ca228ecc6"
  name = "google.golang.org/grpc"
  packages = [
    ".",
    "backoff",
    "balancer",
    "balancer/base",
    "balancer/grpclb",
    "balancer/grpclb/grpc_lb_v1",
    "balancer/roundrobin",
    "binarylog/grpc_binarylog_v1",
    "codes",
    "connectivity",
    "credentials",
    "credentials/alts",
    "credentials/alts/internal",
    "credentials/alts/internal/authinfo",
    "credentials/alts/internal/conn",
    "credentials/alts/internal/handshaker",
    "credentials/alts/internal/handshaker/service",
    "credentials/alts/internal/proto/grpc_gcp",
    "credentials/google",
    "credentials/internal",
    "credentials/oauth",
    "encoding",
    "encoding/proto",
    "grpclog",
    "internal",
    "internal/backoff",
    "internal/balancerload",
    "internal/binarylog",
    "internal/buffer",
    "internal/channelz",
    "internal/envconfig",
    "internal/grpcrand",
    "internal/grpcsync",
    "internal/resolver/dns",
    "internal/resolver/passthrough",
    "internal/syscall",
    "internal/transport",
    "keepalive",
    "metadata",
    "naming",
    "peer",
    "resolver",
    "serviceconfig",
    "stats",
    "status",
    "tap",
  ]
  pruneopts = "UT"
  revision = "1a3960e4bd028ac0cec0a2afd27d7d8e67c11514"
  version = "v1.25.1"

[[projects]]
  digest = "1:2d1fbdc6777e5408cabeb02bf336305e724b925ff4546ded0fa8715a7267922a"
  name = "gopkg.in/inf.v0"
  packages = ["."]
  pruneopts = "UT"
  revision = "d2d2541c53f18d2a059457998ce2876cc8e67cbf"
  version = "v0.9.1"

[[projects]]
  digest = "1:b75b3deb2bce8bc079e16bb2aecfe01eb80098f5650f9e93e5643ca8b7b73737"
  name = "gopkg.in/yaml.v2"
  packages = ["."]
  pruneopts = "UT"
  revision = "1f64d6156d11335c3f22d9330b0ad14fc1e789ce"
  version = "v2.2.7"

[[projects]]
  digest = "1:131158a88aad1f94854d0aa21a64af2802d0a470fb0f01cb33c04fafd2047111"
  name = "honnef.co/go/tools"
  packages = [
    "arg",
    "cmd/staticcheck",
    "config",
    "deprecated",
    "facts",
    "functions",
    "go/types/typeutil",
    "internal/cache",
    "internal/passes/buildssa",
    "internal/renameio",
    "internal/sharedcheck",
    "lint",
    "lint/lintdsl",
    "lint/lintutil",
    "lint/lintutil/format",
    "loader",
    "printf",
    "simple",
    "ssa",
    "ssautil",
    "staticcheck",
    "staticcheck/vrp",
    "stylecheck",
    "unused",
    "version",
  ]
  pruneopts = "UT"
  revision = "afd67930eec2a9ed3e9b19f684d17a062285f16a"
  version = "2019.2.3"

[[projects]]
  digest = "1:975093e79aee83503409c504150df7f727c34395553b49f2a4787a58a95097d2"
  name = "k8s.io/api"
  packages = [
    "admission/v1beta1",
    "admissionregistration/v1beta1",
    "apps/v1",
    "apps/v1beta1",
    "apps/v1beta2",
    "auditregistration/v1alpha1",
    "authentication/v1",
    "authentication/v1beta1",
    "authorization/v1",
    "authorization/v1beta1",
    "autoscaling/v1",
    "autoscaling/v2beta1",
    "autoscaling/v2beta2",
    "batch/v1",
    "batch/v1beta1",
    "batch/v2alpha1",
    "certificates/v1beta1",
    "coordination/v1",
    "coordination/v1beta1",
    "core/v1",
    "events/v1beta1",
    "extensions/v1beta1",
    "networking/v1",
    "networking/v1beta1",
    "node/v1alpha1",
    "node/v1beta1",
    "policy/v1beta1",
    "rbac/v1",
    "rbac/v1alpha1",
    "rbac/v1beta1",
    "scheduling/v1",
    "scheduling/v1alpha1",
    "scheduling/v1beta1",
    "settings/v1alpha1",
    "storage/v1",
    "storage/v1alpha1",
    "storage/v1beta1",
  ]
  pruneopts = "UT"
  revision = "3544db3b9e4494309507e02eced5cd9dcff47e6a"
  version = "kubernetes-1.15.3"

[[projects]]
  digest = "1:720f17872db890bede54ef50268f5b0a0c21eb8e3d4413e0e2b060103966476a"
  name = "k8s.io/apiextensions-apiserver"
  packages = [
    "pkg/apis/apiextensions",
    "pkg/apis/apiextensions/v1beta1",
    "pkg/client/clientset/clientset",
    "pkg/client/clientset/clientset/scheme",
    "pkg/client/clientset/clientset/typed/apiextensions/v1beta1",
  ]
  pruneopts = "UT"
  revision = "0dbe462fe92dfa8b56cc9facf0658a17d0c70fc5"
  version = "kubernetes-1.15.3"

[[projects]]
  digest = "1:848174da3c026f09e27bc81279df1c0660a2274098624ee70c9c2c32459fec61"
  name = "k8s.io/apimachinery"
  packages = [
    "pkg/api/equality",
    "pkg/api/errors",
    "pkg/api/meta",
    "pkg/api/resource",
    "pkg/api/validation",
    "pkg/apis/meta/internalversion",
    "pkg/apis/meta/v1",
    "pkg/apis/meta/v1/unstructured",
    "pkg/apis/meta/v1/validation",
    "pkg/apis/meta/v1beta1",
    "pkg/conversion",
    "pkg/conversion/queryparams",
    "pkg/fields",
    "pkg/labels",
    "pkg/runtime",
    "pkg/runtime/schema",
    "pkg/runtime/serializer",
    "pkg/runtime/serializer/json",
    "pkg/runtime/serializer/protobuf",
    "pkg/runtime/serializer/recognizer",
    "pkg/runtime/serializer/streaming",
    "pkg/runtime/serializer/versioning",
    "pkg/selection",
    "pkg/types",
    "pkg/util/cache",
    "pkg/util/clock",
    "pkg/util/diff",
    "pkg/util/errors",
    "pkg/util/framer",
    "pkg/util/intstr",
    "pkg/util/json",
    "pkg/util/mergepatch",
    "pkg/util/naming",
    "pkg/util/net",
    "pkg/util/runtime",
    "pkg/util/sets",
    "pkg/util/strategicpatch",
    "pkg/util/validation",
    "pkg/util/validation/field",
    "pkg/util/wait",
    "pkg/util/yaml",
    "pkg/version",
    "pkg/watch",
    "third_party/forked/golang/json",
    "third_party/forked/golang/reflect",
  ]
  pruneopts = "UT"
  revision = "f2f3a405f61d6c2cdc0d00687c1b5d90de91e9f0"
  version = "kubernetes-1.15.3"

[[projects]]
  digest = "1:97ecd2e44af46cbb3575de9348a37f7231e6aaffe886958cc76a86301f0187a1"
  name = "k8s.io/client-go"
  packages = [
    "discovery",
    "discovery/fake",
    "dynamic",
    "dynamic/fake",
    "informers",
    "informers/admissionregistration",
    "informers/admissionregistration/v1beta1",
    "informers/apps",
    "informers/apps/v1",
    "informers/apps/v1beta1",
    "informers/apps/v1beta2",
    "informers/auditregistration",
    "informers/auditregistration/v1alpha1",
    "informers/autoscaling",
    "informers/autoscaling/v1",
    "informers/autoscaling/v2beta1",
    "informers/autoscaling/v2beta2",
    "informers/batch",
    "informers/batch/v1",
    "informers/batch/v1beta1",
    "informers/batch/v2alpha1",
    "informers/certificates",
    "informers/certificates/v1beta1",
    "informers/coordination",
    "informers/coordination/v1",
    "informers/coordination/v1beta1",
    "informers/core",
    "informers/core/v1",
    "informers/events",
    "informers/events/v1beta1",
    "informers/extensions",
    "informers/extensions/v1beta1",
    "informers/internalinterfaces",
    "informers/networking",
    "informers/networking/v1",
    "informers/networking/v1beta1",
    "informers/node",
    "informers/node/v1alpha1",
    "informers/node/v1beta1",
    "informers/policy",
    "informers/policy/v1beta1",
    "informers/rbac",
    "informers/rbac/v1",
    "informers/rbac/v1alpha1",
    "informers/rbac/v1beta1",
    "informers/scheduling",
    "informers/scheduling/v1",
    "informers/scheduling/v1alpha1",
    "informers/scheduling/v1beta1",
    "informers/settings",
    "informers/settings/v1alpha1",
    "informers/storage",
    "informers/storage/v1",
    "informers/storage/v1alpha1",
    "informers/storage/v1beta1",
    "kubernetes",
    "kubernetes/fake",
    "kubernetes/scheme",
    "kubernetes/typed/admissionregistration/v1beta1",
    "kubernetes/typed/admissionregistration/v1beta1/fake",
    "kubernetes/typed/apps/v1",
    "kubernetes/typed/apps/v1/fake",
    "kubernetes/typed/apps/v1beta1",
    "kubernetes/typed/apps/v1beta1/fake",
    "kubernetes/typed/apps/v1beta2",
    "kubernetes/typed/apps/v1beta2/fake",
    "kubernetes/typed/auditregistration/v1alpha1",
    "kubernetes/typed/auditregistration/v1alpha1/fake",
    "kubernetes/typed/authentication/v1",
    "kubernetes/typed/authentication/v1/fake",
    "kubernetes/typed/authentication/v1beta1",
    "kubernetes/typed/authentication/v1beta1/fake",
    "kubernetes/typed/authorization/v1",
    "kubernetes/typed/authorization/v1/fake",
    "kubernetes/typed/authorization/v1beta1",
    "kubernetes/typed/authorization/v1beta1/fake",
    "kubernetes/typed/autoscaling/v1",
    "kubernetes/typed/autoscaling/v1/fake",
    "kubernetes/typed/autoscaling/v2beta1",
    "kubernetes/typed/autoscaling/v2beta1/fake",
    "kubernetes/typed/autoscaling/v2beta2",
    "kubernetes/typed/autoscaling/v2beta2/fake",
    "kubernetes/typed/batch/v1",
    "kubernetes/typed/batch/v1/fake",
    "kubernetes/typed/batch/v1beta1",
    "kubernetes/typed/batch/v1beta1/fake",
    "kubernetes/typed/batch/v2alpha1",
    "kubernetes/typed/batch/v2alpha1/fake",
    "kubernetes/typed/certificates/v1beta1",
    "kubernetes/typed/certificates/v1beta1/fake",
    "kubernetes/typed/coordination/v1",
    "kubernetes/typed/coordination/v1/fake",
    "kubernetes/typed/coordination/v1beta1",
    "kubernetes/typed/coordination/v1beta1/fake",
    "kubernetes/typed/core/v1",
    "kubernetes/typed/core/v1/fake",
    "kubernetes/typed/events/v1beta1",
    "kubernetes/typed/events/v1beta1/fake",
    "kubernetes/typed/extensions/v1beta1",
    "kubernetes/typed/extensions/v1beta1/fake",
    "kubernetes/typed/networking/v1",
    "kubernetes/typed/networking/v1/fake",
    "kubernetes/typed/networking/v1beta1",
    "kubernetes/typed/networking/v1beta1/fake",
    "kubernetes/typed/node/v1alpha1",
    "kubernetes/typed/node/v1alpha1/fake",
    "kubernetes/typed/node/v1beta1",
    "kubernetes/typed/node/v1beta1/fake",
    "kubernetes/typed/policy/v1beta1",
    "kubernetes/typed/policy/v1beta1/fake",
    "kubernetes/typed/rbac/v1",
    "kubernetes/typed/rbac/v1/fake",
    "kubernetes/typed/rbac/v1alpha1",
    "kubernetes/typed/rbac/v1alpha1/fake",
    "kubernetes/typed/rbac/v1beta1",
    "kubernetes/typed/rbac/v1beta1/fake",
    "kubernetes/typed/scheduling/v1",
    "kubernetes/typed/scheduling/v1/fake",
    "kubernetes/typed/scheduling/v1alpha1",
    "kubernetes/typed/scheduling/v1alpha1/fake",
    "kubernetes/typed/scheduling/v1beta1",
    "kubernetes/typed/scheduling/v1beta1/fake",
    "kubernetes/typed/settings/v1alpha1",
    "kubernetes/typed/settings/v1alpha1/fake",
    "kubernetes/typed/storage/v1",
    "kubernetes/typed/storage/v1/fake",
    "kubernetes/typed/storage/v1alpha1",
    "kubernetes/typed/storage/v1alpha1/fake",
    "kubernetes/typed/storage/v1beta1",
    "kubernetes/typed/storage/v1beta1/fake",
    "listers/admissionregistration/v1beta1",
    "listers/apps/v1",
    "listers/apps/v1beta1",
    "listers/apps/v1beta2",
    "listers/auditregistration/v1alpha1",
    "listers/autoscaling/v1",
    "listers/autoscaling/v2beta1",
    "listers/autoscaling/v2beta2",
    "listers/batch/v1",
    "listers/batch/v1beta1",
    "listers/batch/v2alpha1",
    "listers/certificates/v1beta1",
    "listers/coordination/v1",
    "listers/coordination/v1beta1",
    "listers/core/v1",
    "listers/events/v1beta1",
    "listers/extensions/v1beta1",
    "listers/networking/v1",
    "listers/networking/v1beta1",
    "listers/node/v1alpha1",
    "listers/node/v1beta1",
    "listers/policy/v1beta1",
    "listers/rbac/v1",
    "listers/rbac/v1alpha1",
    "listers/rbac/v1beta1",
    "listers/scheduling/v1",
    "listers/scheduling/v1alpha1",
    "listers/scheduling/v1beta1",
    "listers/settings/v1alpha1",
    "listers/storage/v1",
    "listers/storage/v1alpha1",
    "listers/storage/v1beta1",
    "pkg/apis/clientauthentication",
    "pkg/apis/clientauthentication/v1alpha1",
    "pkg/apis/clientauthentication/v1beta1",
    "pkg/version",
    "plugin/pkg/client/auth/exec",
    "plugin/pkg/client/auth/gcp",
    "rest",
    "rest/watch",
    "testing",
    "third_party/forked/golang/template",
    "tools/auth",
    "tools/cache",
    "tools/clientcmd",
    "tools/clientcmd/api",
    "tools/clientcmd/api/latest",
    "tools/clientcmd/api/v1",
    "tools/metrics",
    "tools/pager",
    "tools/record",
    "tools/record/util",
    "tools/reference",
    "transport",
    "util/cert",
    "util/connrotation",
    "util/flowcontrol",
    "util/homedir",
    "util/jsonpath",
    "util/keyutil",
    "util/retry",
    "util/workqueue",
  ]
  pruneopts = "UT"
  revision = "e14f31a72a77f7aa82a95eaf542d1194fb027d04"
  version = "kubernetes-1.15.3"

[[projects]]
  digest = "1:28fa79f89ff35ac66c375218720eb8c8f04ab0793fa1749d06e3cbf367ba9f40"
  name = "k8s.io/code-generator"
  packages = [
    "cmd/client-gen",
    "cmd/client-gen/args",
    "cmd/client-gen/generators",
    "cmd/client-gen/generators/fake",
    "cmd/client-gen/generators/scheme",
    "cmd/client-gen/generators/util",
    "cmd/client-gen/path",
    "cmd/client-gen/types",
    "cmd/deepcopy-gen",
    "cmd/deepcopy-gen/args",
    "cmd/informer-gen",
    "cmd/informer-gen/args",
    "cmd/informer-gen/generators",
    "cmd/lister-gen",
    "cmd/lister-gen/args",
    "cmd/lister-gen/generators",
    "pkg/namer",
    "pkg/util",
  ]
  pruneopts = "UT"
  revision = "18da4a14b22b17d2fa761e50037fabfbacec225b"
  version = "kubernetes-1.15.3"

[[projects]]
  branch = "master"
  digest = "1:345765fd6c78bcd85163ef34098d52c7bb5fac1537cf36cd3ed828b53120ed97"
  name = "k8s.io/gengo"
  packages = [
    "args",
    "examples/deepcopy-gen/generators",
    "examples/set-gen/sets",
    "generator",
    "namer",
    "parser",
    "types",
  ]
  pruneopts = "UT"
  revision = "e74f70b9b27e1167f8aba52265fe03a6805efdcd"

[[projects]]
  digest = "1:93e82f25d75aba18436ad1ac042cb49493f096011f2541075721ed6f9e05c044"
  name = "k8s.io/klog"
  packages = ["."]
  pruneopts = "UT"
  revision = "2ca9ad30301bf30a8a6e0fa2110db6b8df699a91"
  version = "v1.0.0"

[[projects]]
  branch = "master"
  digest = "1:22abb5d4204ab1a0dcc9cda64906a31c43965ff5159e8b9f766c9d2a162dbed5"
  name = "k8s.io/kube-openapi"
  packages = ["pkg/util/proto"]
  pruneopts = "UT"
  revision = "30be4d16710ac61bce31eb28a01054596fe6a9f1"

[[projects]]
  branch = "master"
  digest = "1:bb09c1841fd8100fe09b784fa13563ebffd9921d18012e72c8727ce9d4ea0144"
  name = "k8s.io/utils"
  packages = [
    "buffer",
    "integer",
    "pointer",
    "trace",
  ]
  pruneopts = "UT"
  revision = "6ca3b61696b65b0e81f1a39b4937fc2d2994ed6a"

[[projects]]
  digest = "1:86d6c5073894a7a14fac387326e8baede129e6dd437d631633bcabe8d14c9152"
  name = "knative.dev/eventing"
  packages = [
    "pkg/adapter",
    "pkg/apis/duck",
    "pkg/apis/duck/v1alpha1",
    "pkg/apis/eventing",
    "pkg/apis/eventing/v1alpha1",
    "pkg/apis/messaging",
    "pkg/apis/messaging/v1alpha1",
    "pkg/apis/sources",
    "pkg/apis/sources/v1alpha1",
    "pkg/client/clientset/versioned",
    "pkg/client/clientset/versioned/fake",
    "pkg/client/clientset/versioned/scheme",
    "pkg/client/clientset/versioned/typed/eventing/v1alpha1",
    "pkg/client/clientset/versioned/typed/eventing/v1alpha1/fake",
    "pkg/client/clientset/versioned/typed/messaging/v1alpha1",
    "pkg/client/clientset/versioned/typed/messaging/v1alpha1/fake",
    "pkg/client/clientset/versioned/typed/sources/v1alpha1",
    "pkg/client/clientset/versioned/typed/sources/v1alpha1/fake",
    "pkg/client/informers/externalversions",
    "pkg/client/informers/externalversions/eventing",
    "pkg/client/informers/externalversions/eventing/v1alpha1",
    "pkg/client/informers/externalversions/internalinterfaces",
    "pkg/client/informers/externalversions/messaging",
    "pkg/client/informers/externalversions/messaging/v1alpha1",
    "pkg/client/informers/externalversions/sources",
    "pkg/client/informers/externalversions/sources/v1alpha1",
    "pkg/client/injection/client",
    "pkg/client/injection/client/fake",
    "pkg/client/injection/informers/factory",
    "pkg/client/injection/informers/factory/fake",
    "pkg/client/injection/informers/messaging/v1alpha1/channel",
    "pkg/client/injection/informers/messaging/v1alpha1/channel/fake",
    "pkg/client/listers/eventing/v1alpha1",
    "pkg/client/listers/messaging/v1alpha1",
    "pkg/client/listers/sources/v1alpha1",
    "pkg/configmap",
    "pkg/kncloudevents",
    "pkg/reconciler",
    "pkg/tracing",
  ]
  pruneopts = "UT"
  revision = "468eab4f340deedd55bdbb2bee697cdeaa873912"
  version = "v0.10.2"

[[projects]]
  branch = "release-0.10"
  digest = "1:248e8562c3c33a849cc532982a600848d83e1baa19b749c9a14135192df9632f"
  name = "knative.dev/pkg"
  packages = [
    "apis",
    "apis/duck",
    "apis/duck/v1",
    "apis/duck/v1alpha1",
    "apis/duck/v1beta1",
    "apis/v1alpha1",
    "changeset",
    "client/injection/kube/client",
    "client/injection/kube/client/fake",
    "codegen/cmd/injection-gen",
    "codegen/cmd/injection-gen/args",
    "codegen/cmd/injection-gen/generators",
    "configmap",
    "controller",
    "injection",
    "injection/clients/dynamicclient",
    "injection/clients/dynamicclient/fake",
    "injection/sharedmain",
    "kmeta",
    "kmp",
    "logging",
    "logging/logkey",
    "logging/testing",
    "metrics",
    "metrics/metricskey",
    "network",
    "profiling",
    "ptr",
    "reconciler/testing",
    "resolver",
    "signals",
    "source",
    "system",
    "system/testing",
    "tracing",
    "tracing/config",
    "tracker",
    "webhook",
  ]
  pruneopts = "UT"
  revision = "884d50f09454909de6f343c165fdba5f59c5c19a"

[[projects]]
  digest = "1:69532deb2af35d4c1b8e95833039bda0907e51dd1fe4b47de77d0015cb8d60ed"
  name = "knative.dev/serving"
  packages = [
    "pkg/apis/autoscaling",
    "pkg/apis/autoscaling/v1alpha1",
    "pkg/apis/config",
    "pkg/apis/networking",
    "pkg/apis/networking/v1alpha1",
    "pkg/apis/serving",
    "pkg/apis/serving/v1",
    "pkg/apis/serving/v1alpha1",
    "pkg/apis/serving/v1beta1",
    "pkg/client/clientset/versioned",
    "pkg/client/clientset/versioned/fake",
    "pkg/client/clientset/versioned/scheme",
    "pkg/client/clientset/versioned/typed/autoscaling/v1alpha1",
    "pkg/client/clientset/versioned/typed/autoscaling/v1alpha1/fake",
    "pkg/client/clientset/versioned/typed/networking/v1alpha1",
    "pkg/client/clientset/versioned/typed/networking/v1alpha1/fake",
    "pkg/client/clientset/versioned/typed/serving/v1",
    "pkg/client/clientset/versioned/typed/serving/v1/fake",
    "pkg/client/clientset/versioned/typed/serving/v1alpha1",
    "pkg/client/clientset/versioned/typed/serving/v1alpha1/fake",
    "pkg/client/clientset/versioned/typed/serving/v1beta1",
    "pkg/client/clientset/versioned/typed/serving/v1beta1/fake",
    "pkg/client/informers/externalversions",
    "pkg/client/informers/externalversions/autoscaling",
    "pkg/client/informers/externalversions/autoscaling/v1alpha1",
    "pkg/client/informers/externalversions/internalinterfaces",
    "pkg/client/informers/externalversions/networking",
    "pkg/client/informers/externalversions/networking/v1alpha1",
    "pkg/client/informers/externalversions/serving",
    "pkg/client/informers/externalversions/serving/v1",
    "pkg/client/informers/externalversions/serving/v1alpha1",
    "pkg/client/informers/externalversions/serving/v1beta1",
    "pkg/client/injection/client",
    "pkg/client/injection/client/fake",
    "pkg/client/injection/informers/factory",
    "pkg/client/injection/informers/factory/fake",
    "pkg/client/injection/informers/serving/v1alpha1/service",
    "pkg/client/injection/informers/serving/v1alpha1/service/fake",
    "pkg/client/listers/autoscaling/v1alpha1",
    "pkg/client/listers/networking/v1alpha1",
    "pkg/client/listers/serving/v1",
    "pkg/client/listers/serving/v1alpha1",
    "pkg/client/listers/serving/v1beta1",
    "pkg/gc",
    "pkg/network",
    "pkg/reconciler/route/config",
  ]
  pruneopts = "UT"
  revision = "a1a35b117afe15ca2c5bd4aec5bb3574a44e802d"
  version = "v0.10.0"

[[projects]]
  digest = "1:7719608fe0b52a4ece56c2dde37bedd95b938677d1ab0f84b8a7852e4c59f849"
  name = "sigs.k8s.io/yaml"
  packages = ["."]
  pruneopts = "UT"
  revision = "fd68e9863619f6ec2fdd8625fe1f02e7c877e480"
  version = "v1.1.0"

[solve-meta]
  analyzer-name = "dep"
  analyzer-version = 1
  input-imports = [
    "github.com/avast/retry-go",
    "github.com/cloudevents/sdk-go",
    "github.com/cloudevents/sdk-go/pkg/cloudevents/transport/http",
    "github.com/google/go-cmp/cmp",
    "github.com/kelseyhightower/envconfig",
    "github.com/pkg/errors",
    "go.uber.org/zap",
    "k8s.io/api/core/v1",
    "k8s.io/apimachinery/pkg/api/errors",
    "k8s.io/apimachinery/pkg/api/meta",
    "k8s.io/apimachinery/pkg/apis/meta/v1",
    "k8s.io/apimachinery/pkg/apis/meta/v1/unstructured",
    "k8s.io/apimachinery/pkg/conversion",
    "k8s.io/apimachinery/pkg/labels",
    "k8s.io/apimachinery/pkg/runtime",
    "k8s.io/apimachinery/pkg/runtime/schema",
    "k8s.io/apimachinery/pkg/runtime/serializer",
    "k8s.io/apimachinery/pkg/types",
    "k8s.io/apimachinery/pkg/util/errors",
    "k8s.io/apimachinery/pkg/util/intstr",
    "k8s.io/apimachinery/pkg/util/runtime",
    "k8s.io/apimachinery/pkg/watch",
    "k8s.io/client-go/discovery",
    "k8s.io/client-go/discovery/fake",
    "k8s.io/client-go/kubernetes/scheme",
    "k8s.io/client-go/plugin/pkg/client/auth/gcp",
    "k8s.io/client-go/rest",
    "k8s.io/client-go/testing",
    "k8s.io/client-go/tools/cache",
    "k8s.io/client-go/tools/record",
    "k8s.io/client-go/util/flowcontrol",
    "k8s.io/code-generator/cmd/client-gen",
    "k8s.io/code-generator/cmd/deepcopy-gen",
    "k8s.io/code-generator/cmd/informer-gen",
    "k8s.io/code-generator/cmd/lister-gen",
    "knative.dev/eventing/pkg/adapter",
    "knative.dev/eventing/pkg/apis/messaging",
    "knative.dev/eventing/pkg/apis/messaging/v1alpha1",
    "knative.dev/eventing/pkg/client/clientset/versioned/fake",
    "knative.dev/eventing/pkg/client/clientset/versioned/typed/messaging/v1alpha1",
    "knative.dev/eventing/pkg/client/injection/client/fake",
    "knative.dev/eventing/pkg/client/injection/informers/messaging/v1alpha1/channel",
    "knative.dev/eventing/pkg/client/injection/informers/messaging/v1alpha1/channel/fake",
    "knative.dev/eventing/pkg/client/listers/messaging/v1alpha1",
    "knative.dev/eventing/pkg/kncloudevents",
    "knative.dev/eventing/pkg/reconciler",
    "knative.dev/pkg/apis",
    "knative.dev/pkg/apis/duck/v1",
    "knative.dev/pkg/apis/duck/v1alpha1",
    "knative.dev/pkg/apis/duck/v1beta1",
    "knative.dev/pkg/apis/v1alpha1",
    "knative.dev/pkg/client/injection/kube/client/fake",
    "knative.dev/pkg/codegen/cmd/injection-gen",
    "knative.dev/pkg/configmap",
    "knative.dev/pkg/controller",
    "knative.dev/pkg/injection",
    "knative.dev/pkg/injection/clients/dynamicclient/fake",
    "knative.dev/pkg/injection/sharedmain",
    "knative.dev/pkg/logging",
    "knative.dev/pkg/logging/testing",
    "knative.dev/pkg/metrics",
    "knative.dev/pkg/ptr",
    "knative.dev/pkg/reconciler/testing",
    "knative.dev/pkg/resolver",
    "knative.dev/pkg/source",
    "knative.dev/pkg/system",
    "knative.dev/serving/pkg/apis/serving",
    "knative.dev/serving/pkg/apis/serving/v1",
    "knative.dev/serving/pkg/apis/serving/v1alpha1",
    "knative.dev/serving/pkg/client/clientset/versioned/fake",
    "knative.dev/serving/pkg/client/clientset/versioned/typed/serving/v1alpha1",
    "knative.dev/serving/pkg/client/injection/client",
    "knative.dev/serving/pkg/client/injection/client/fake",
    "knative.dev/serving/pkg/client/injection/informers/serving/v1alpha1/service",
    "knative.dev/serving/pkg/client/injection/informers/serving/v1alpha1/service/fake",
    "knative.dev/serving/pkg/client/listers/serving/v1alpha1",
    "knative.dev/serving/pkg/reconciler/route/config",
  ]
  solver-name = "gps-cdcl"
  solver-version = 1
